// !$*UTF8*$!
{
	archiveVersion = 1;
	classes = {
	};
	objectVersion = 46;
	objects = {

/* Begin PBXAggregateTarget section */
		BE115AFF149E88B500613634 /* f5 Universal Framework */ = {
			isa = PBXAggregateTarget;
			buildConfigurationList = BE115B00149E88B500613634 /* Build configuration list for PBXAggregateTarget "f5 Universal Framework" */;
			buildPhases = (
				BE115B03149E88D900613634 /* ShellScript */,
			);
			dependencies = (
			);
			name = "f5 Universal Framework";
			productName = "f5 Universal Framework";
		};
/* End PBXAggregateTarget section */

/* Begin PBXBuildFile section */
		BEA26761149E907A00DF8ADC /* f5-Prefix.pch in Headers */ = {isa = PBXBuildFile; fileRef = BEA2675F149E907A00DF8ADC /* f5-Prefix.pch */; };
		BEEE0844149E86200010ABF6 /* AsyncUdpSocket.m in Sources */ = {isa = PBXBuildFile; fileRef = BEEE080A149E86200010ABF6 /* AsyncUdpSocket.m */; };
		BEEE0845149E86200010ABF6 /* AppDelegate.m in Sources */ = {isa = PBXBuildFile; fileRef = BEEE080C149E86200010ABF6 /* AppDelegate.m */; };
		BEEE0846149E86200010ABF6 /* Debug.m in Sources */ = {isa = PBXBuildFile; fileRef = BEEE080E149E86200010ABF6 /* Debug.m */; };
		BEEE0847149E86200010ABF6 /* Connection.m in Sources */ = {isa = PBXBuildFile; fileRef = BEEE0811149E86200010ABF6 /* Connection.m */; };
		BEEE0848149E86200010ABF6 /* DebugConsole.m in Sources */ = {isa = PBXBuildFile; fileRef = BEEE0813149E86200010ABF6 /* DebugConsole.m */; };
		BEEE0849149E86200010ABF6 /* InvokedUrlCommand.m in Sources */ = {isa = PBXBuildFile; fileRef = BEEE0815149E86200010ABF6 /* InvokedUrlCommand.m */; };
		BEEE084A149E86200010ABF6 /* NSObject+SBJSON.m in Sources */ = {isa = PBXBuildFile; fileRef = BEEE0819149E86200010ABF6 /* NSObject+SBJSON.m */; };
		BEEE084B149E86200010ABF6 /* NSString+SBJSON.m in Sources */ = {isa = PBXBuildFile; fileRef = BEEE081B149E86200010ABF6 /* NSString+SBJSON.m */; };
		BEEE084C149E86200010ABF6 /* SBJSON.m in Sources */ = {isa = PBXBuildFile; fileRef = BEEE081D149E86200010ABF6 /* SBJSON.m */; };
		BEEE084D149E86200010ABF6 /* SBJsonBase.m in Sources */ = {isa = PBXBuildFile; fileRef = BEEE081F149E86200010ABF6 /* SBJsonBase.m */; };
		BEEE084E149E86200010ABF6 /* SBJsonParser.m in Sources */ = {isa = PBXBuildFile; fileRef = BEEE0821149E86200010ABF6 /* SBJsonParser.m */; };
		BEEE084F149E86200010ABF6 /* SBJsonWriter.m in Sources */ = {isa = PBXBuildFile; fileRef = BEEE0823149E86200010ABF6 /* SBJsonWriter.m */; };
		BEEE0850149E86200010ABF6 /* Location.m in Sources */ = {isa = PBXBuildFile; fileRef = BEEE0825149E86200010ABF6 /* Location.m */; };
		BEEE0851149E86200010ABF6 /* NSMutableArray+QueueAdditions.m in Sources */ = {isa = PBXBuildFile; fileRef = BEEE0827149E86200010ABF6 /* NSMutableArray+QueueAdditions.m */; };
		BEEE0852149E86200010ABF6 /* PGPlugin.m in Sources */ = {isa = PBXBuildFile; fileRef = BEEE082A149E86200010ABF6 /* PGPlugin.m */; };
		BEEE0853149E86200010ABF6 /* PGSplashScreen.m in Sources */ = {isa = PBXBuildFile; fileRef = BEEE082C149E86200010ABF6 /* PGSplashScreen.m */; };
		BEEE0854149E86200010ABF6 /* PGURLProtocol.m in Sources */ = {isa = PBXBuildFile; fileRef = BEEE082E149E86200010ABF6 /* PGURLProtocol.m */; };
		BEEE0855149E86200010ABF6 /* PGWhitelist.m in Sources */ = {isa = PBXBuildFile; fileRef = BEEE0830149E86200010ABF6 /* PGWhitelist.m */; };
		BEEE0856149E86200010ABF6 /* PhoneGapDelegate.m in Sources */ = {isa = PBXBuildFile; fileRef = BEEE0832149E86200010ABF6 /* PhoneGapDelegate.m */; };
		BEEE0857149E86200010ABF6 /* PhoneGapViewController.m in Sources */ = {isa = PBXBuildFile; fileRef = BEEE0834149E86200010ABF6 /* PhoneGapViewController.m */; };
		BEEE0858149E86200010ABF6 /* PluginResult.m in Sources */ = {isa = PBXBuildFile; fileRef = BEEE0836149E86200010ABF6 /* PluginResult.m */; };
		BEEE0859149E86200010ABF6 /* Reachability.m in Sources */ = {isa = PBXBuildFile; fileRef = BEEE0838149E86200010ABF6 /* Reachability.m */; };
		BEEE085A149E86200010ABF6 /* F5CommandQueue.m in Sources */ = {isa = PBXBuildFile; fileRef = BEEE083B149E86200010ABF6 /* F5CommandQueue.m */; };
		BEEE085B149E86200010ABF6 /* F5LocationReminder.m in Sources */ = {isa = PBXBuildFile; fileRef = BEEE083D149E86200010ABF6 /* F5LocationReminder.m */; };
		BEEE085C149E86200010ABF6 /* F5MapView.m in Sources */ = {isa = PBXBuildFile; fileRef = BEEE083F149E86200010ABF6 /* F5MapView.m */; };
		BEEE085D149E86200010ABF6 /* F5NavigationBar.m in Sources */ = {isa = PBXBuildFile; fileRef = BEEE0841149E86200010ABF6 /* F5NavigationBar.m */; };
		BEEE085E149E86200010ABF6 /* F5udp.m in Sources */ = {isa = PBXBuildFile; fileRef = BEEE0843149E86200010ABF6 /* F5udp.m */; };
		BEEE0860149E87260010ABF6 /* AppDelegate.h in Headers */ = {isa = PBXBuildFile; fileRef = BEEE080B149E86200010ABF6 /* AppDelegate.h */; settings = {ATTRIBUTES = (Public, ); }; };
		BEEE0861149E872E0010ABF6 /* Debug.h in Headers */ = {isa = PBXBuildFile; fileRef = BEEE080D149E86200010ABF6 /* Debug.h */; settings = {ATTRIBUTES = (Private, ); }; };
		BEEE0862149E87350010ABF6 /* PGDebug.h in Headers */ = {isa = PBXBuildFile; fileRef = BEEE0828149E86200010ABF6 /* PGDebug.h */; settings = {ATTRIBUTES = (Public, ); }; };
/* End PBXBuildFile section */

/* Begin PBXFileReference section */
		BEA2675E149E907A00DF8ADC /* f5-Info.plist */ = {isa = PBXFileReference; fileEncoding = 4; lastKnownFileType = text.plist.xml; path = "f5-Info.plist"; sourceTree = SOURCE_ROOT; };
		BEA2675F149E907A00DF8ADC /* f5-Prefix.pch */ = {isa = PBXFileReference; fileEncoding = 4; lastKnownFileType = sourcecode.c.h; path = "f5-Prefix.pch"; sourceTree = SOURCE_ROOT; };
		BEEE07EB149E83980010ABF6 /* f5.framework */ = {isa = PBXFileReference; explicitFileType = wrapper.cfbundle; includeInIndex = 0; path = f5.framework; sourceTree = BUILT_PRODUCTS_DIR; };
		BEEE0809149E86200010ABF6 /* AsyncUdpSocket.h */ = {isa = PBXFileReference; fileEncoding = 4; lastKnownFileType = sourcecode.c.h; path = AsyncUdpSocket.h; sourceTree = "<group>"; };
		BEEE080A149E86200010ABF6 /* AsyncUdpSocket.m */ = {isa = PBXFileReference; fileEncoding = 4; lastKnownFileType = sourcecode.c.objc; path = AsyncUdpSocket.m; sourceTree = "<group>"; };
		BEEE080B149E86200010ABF6 /* AppDelegate.h */ = {isa = PBXFileReference; fileEncoding = 4; lastKnownFileType = sourcecode.c.h; path = AppDelegate.h; sourceTree = "<group>"; };
		BEEE080C149E86200010ABF6 /* AppDelegate.m */ = {isa = PBXFileReference; fileEncoding = 4; lastKnownFileType = sourcecode.c.objc; path = AppDelegate.m; sourceTree = "<group>"; };
		BEEE080D149E86200010ABF6 /* Debug.h */ = {isa = PBXFileReference; fileEncoding = 4; lastKnownFileType = sourcecode.c.h; path = Debug.h; sourceTree = "<group>"; };
		BEEE080E149E86200010ABF6 /* Debug.m */ = {isa = PBXFileReference; fileEncoding = 4; lastKnownFileType = sourcecode.c.objc; path = Debug.m; sourceTree = "<group>"; };
		BEEE0810149E86200010ABF6 /* Connection.h */ = {isa = PBXFileReference; fileEncoding = 4; lastKnownFileType = sourcecode.c.h; path = Connection.h; sourceTree = "<group>"; };
		BEEE0811149E86200010ABF6 /* Connection.m */ = {isa = PBXFileReference; fileEncoding = 4; lastKnownFileType = sourcecode.c.objc; path = Connection.m; sourceTree = "<group>"; };
		BEEE0812149E86200010ABF6 /* DebugConsole.h */ = {isa = PBXFileReference; fileEncoding = 4; lastKnownFileType = sourcecode.c.h; path = DebugConsole.h; sourceTree = "<group>"; };
		BEEE0813149E86200010ABF6 /* DebugConsole.m */ = {isa = PBXFileReference; fileEncoding = 4; lastKnownFileType = sourcecode.c.objc; path = DebugConsole.m; sourceTree = "<group>"; };
		BEEE0814149E86200010ABF6 /* InvokedUrlCommand.h */ = {isa = PBXFileReference; fileEncoding = 4; lastKnownFileType = sourcecode.c.h; path = InvokedUrlCommand.h; sourceTree = "<group>"; };
		BEEE0815149E86200010ABF6 /* InvokedUrlCommand.m */ = {isa = PBXFileReference; fileEncoding = 4; lastKnownFileType = sourcecode.c.objc; path = InvokedUrlCommand.m; sourceTree = "<group>"; };
		BEEE0817149E86200010ABF6 /* JSON.h */ = {isa = PBXFileReference; fileEncoding = 4; lastKnownFileType = sourcecode.c.h; path = JSON.h; sourceTree = "<group>"; };
		BEEE0818149E86200010ABF6 /* NSObject+SBJSON.h */ = {isa = PBXFileReference; fileEncoding = 4; lastKnownFileType = sourcecode.c.h; path = "NSObject+SBJSON.h"; sourceTree = "<group>"; };
		BEEE0819149E86200010ABF6 /* NSObject+SBJSON.m */ = {isa = PBXFileReference; fileEncoding = 4; lastKnownFileType = sourcecode.c.objc; path = "NSObject+SBJSON.m"; sourceTree = "<group>"; };
		BEEE081A149E86200010ABF6 /* NSString+SBJSON.h */ = {isa = PBXFileReference; fileEncoding = 4; lastKnownFileType = sourcecode.c.h; path = "NSString+SBJSON.h"; sourceTree = "<group>"; };
		BEEE081B149E86200010ABF6 /* NSString+SBJSON.m */ = {isa = PBXFileReference; fileEncoding = 4; lastKnownFileType = sourcecode.c.objc; path = "NSString+SBJSON.m"; sourceTree = "<group>"; };
		BEEE081C149E86200010ABF6 /* SBJSON.h */ = {isa = PBXFileReference; fileEncoding = 4; lastKnownFileType = sourcecode.c.h; path = SBJSON.h; sourceTree = "<group>"; };
		BEEE081D149E86200010ABF6 /* SBJSON.m */ = {isa = PBXFileReference; fileEncoding = 4; lastKnownFileType = sourcecode.c.objc; path = SBJSON.m; sourceTree = "<group>"; };
		BEEE081E149E86200010ABF6 /* SBJsonBase.h */ = {isa = PBXFileReference; fileEncoding = 4; lastKnownFileType = sourcecode.c.h; path = SBJsonBase.h; sourceTree = "<group>"; };
		BEEE081F149E86200010ABF6 /* SBJsonBase.m */ = {isa = PBXFileReference; fileEncoding = 4; lastKnownFileType = sourcecode.c.objc; path = SBJsonBase.m; sourceTree = "<group>"; };
		BEEE0820149E86200010ABF6 /* SBJsonParser.h */ = {isa = PBXFileReference; fileEncoding = 4; lastKnownFileType = sourcecode.c.h; path = SBJsonParser.h; sourceTree = "<group>"; };
		BEEE0821149E86200010ABF6 /* SBJsonParser.m */ = {isa = PBXFileReference; fileEncoding = 4; lastKnownFileType = sourcecode.c.objc; path = SBJsonParser.m; sourceTree = "<group>"; };
		BEEE0822149E86200010ABF6 /* SBJsonWriter.h */ = {isa = PBXFileReference; fileEncoding = 4; lastKnownFileType = sourcecode.c.h; path = SBJsonWriter.h; sourceTree = "<group>"; };
		BEEE0823149E86200010ABF6 /* SBJsonWriter.m */ = {isa = PBXFileReference; fileEncoding = 4; lastKnownFileType = sourcecode.c.objc; path = SBJsonWriter.m; sourceTree = "<group>"; };
		BEEE0824149E86200010ABF6 /* Location.h */ = {isa = PBXFileReference; fileEncoding = 4; lastKnownFileType = sourcecode.c.h; path = Location.h; sourceTree = "<group>"; };
		BEEE0825149E86200010ABF6 /* Location.m */ = {isa = PBXFileReference; fileEncoding = 4; lastKnownFileType = sourcecode.c.objc; path = Location.m; sourceTree = "<group>"; };
		BEEE0826149E86200010ABF6 /* NSMutableArray+QueueAdditions.h */ = {isa = PBXFileReference; fileEncoding = 4; lastKnownFileType = sourcecode.c.h; path = "NSMutableArray+QueueAdditions.h"; sourceTree = "<group>"; };
		BEEE0827149E86200010ABF6 /* NSMutableArray+QueueAdditions.m */ = {isa = PBXFileReference; fileEncoding = 4; lastKnownFileType = sourcecode.c.objc; path = "NSMutableArray+QueueAdditions.m"; sourceTree = "<group>"; };
		BEEE0828149E86200010ABF6 /* PGDebug.h */ = {isa = PBXFileReference; fileEncoding = 4; lastKnownFileType = sourcecode.c.h; path = PGDebug.h; sourceTree = "<group>"; };
		BEEE0829149E86200010ABF6 /* PGPlugin.h */ = {isa = PBXFileReference; fileEncoding = 4; lastKnownFileType = sourcecode.c.h; path = PGPlugin.h; sourceTree = "<group>"; };
		BEEE082A149E86200010ABF6 /* PGPlugin.m */ = {isa = PBXFileReference; fileEncoding = 4; lastKnownFileType = sourcecode.c.objc; path = PGPlugin.m; sourceTree = "<group>"; };
		BEEE082B149E86200010ABF6 /* PGSplashScreen.h */ = {isa = PBXFileReference; fileEncoding = 4; lastKnownFileType = sourcecode.c.h; path = PGSplashScreen.h; sourceTree = "<group>"; };
		BEEE082C149E86200010ABF6 /* PGSplashScreen.m */ = {isa = PBXFileReference; fileEncoding = 4; lastKnownFileType = sourcecode.c.objc; path = PGSplashScreen.m; sourceTree = "<group>"; };
		BEEE082D149E86200010ABF6 /* PGURLProtocol.h */ = {isa = PBXFileReference; fileEncoding = 4; lastKnownFileType = sourcecode.c.h; path = PGURLProtocol.h; sourceTree = "<group>"; };
		BEEE082E149E86200010ABF6 /* PGURLProtocol.m */ = {isa = PBXFileReference; fileEncoding = 4; lastKnownFileType = sourcecode.c.objc; path = PGURLProtocol.m; sourceTree = "<group>"; };
		BEEE082F149E86200010ABF6 /* PGWhitelist.h */ = {isa = PBXFileReference; fileEncoding = 4; lastKnownFileType = sourcecode.c.h; path = PGWhitelist.h; sourceTree = "<group>"; };
		BEEE0830149E86200010ABF6 /* PGWhitelist.m */ = {isa = PBXFileReference; fileEncoding = 4; lastKnownFileType = sourcecode.c.objc; path = PGWhitelist.m; sourceTree = "<group>"; };
		BEEE0831149E86200010ABF6 /* PhoneGapDelegate.h */ = {isa = PBXFileReference; fileEncoding = 4; lastKnownFileType = sourcecode.c.h; path = PhoneGapDelegate.h; sourceTree = "<group>"; };
		BEEE0832149E86200010ABF6 /* PhoneGapDelegate.m */ = {isa = PBXFileReference; fileEncoding = 4; lastKnownFileType = sourcecode.c.objc; path = PhoneGapDelegate.m; sourceTree = "<group>"; };
		BEEE0833149E86200010ABF6 /* PhoneGapViewController.h */ = {isa = PBXFileReference; fileEncoding = 4; lastKnownFileType = sourcecode.c.h; path = PhoneGapViewController.h; sourceTree = "<group>"; };
		BEEE0834149E86200010ABF6 /* PhoneGapViewController.m */ = {isa = PBXFileReference; fileEncoding = 4; lastKnownFileType = sourcecode.c.objc; path = PhoneGapViewController.m; sourceTree = "<group>"; };
		BEEE0835149E86200010ABF6 /* PluginResult.h */ = {isa = PBXFileReference; fileEncoding = 4; lastKnownFileType = sourcecode.c.h; path = PluginResult.h; sourceTree = "<group>"; };
		BEEE0836149E86200010ABF6 /* PluginResult.m */ = {isa = PBXFileReference; fileEncoding = 4; lastKnownFileType = sourcecode.c.objc; path = PluginResult.m; sourceTree = "<group>"; };
		BEEE0837149E86200010ABF6 /* Reachability.h */ = {isa = PBXFileReference; fileEncoding = 4; lastKnownFileType = sourcecode.c.h; path = Reachability.h; sourceTree = "<group>"; };
		BEEE0838149E86200010ABF6 /* Reachability.m */ = {isa = PBXFileReference; fileEncoding = 4; lastKnownFileType = sourcecode.c.objc; path = Reachability.m; sourceTree = "<group>"; };
		BEEE083A149E86200010ABF6 /* F5CommandQueue.h */ = {isa = PBXFileReference; fileEncoding = 4; lastKnownFileType = sourcecode.c.h; path = F5CommandQueue.h; sourceTree = "<group>"; };
		BEEE083B149E86200010ABF6 /* F5CommandQueue.m */ = {isa = PBXFileReference; fileEncoding = 4; lastKnownFileType = sourcecode.c.objc; path = F5CommandQueue.m; sourceTree = "<group>"; };
		BEEE083C149E86200010ABF6 /* F5LocationReminder.h */ = {isa = PBXFileReference; fileEncoding = 4; lastKnownFileType = sourcecode.c.h; path = F5LocationReminder.h; sourceTree = "<group>"; };
		BEEE083D149E86200010ABF6 /* F5LocationReminder.m */ = {isa = PBXFileReference; fileEncoding = 4; lastKnownFileType = sourcecode.c.objc; path = F5LocationReminder.m; sourceTree = "<group>"; };
		BEEE083E149E86200010ABF6 /* F5MapView.h */ = {isa = PBXFileReference; fileEncoding = 4; lastKnownFileType = sourcecode.c.h; path = F5MapView.h; sourceTree = "<group>"; };
		BEEE083F149E86200010ABF6 /* F5MapView.m */ = {isa = PBXFileReference; fileEncoding = 4; lastKnownFileType = sourcecode.c.objc; path = F5MapView.m; sourceTree = "<group>"; };
		BEEE0840149E86200010ABF6 /* F5NavigationBar.h */ = {isa = PBXFileReference; fileEncoding = 4; lastKnownFileType = sourcecode.c.h; path = F5NavigationBar.h; sourceTree = "<group>"; };
		BEEE0841149E86200010ABF6 /* F5NavigationBar.m */ = {isa = PBXFileReference; fileEncoding = 4; lastKnownFileType = sourcecode.c.objc; path = F5NavigationBar.m; sourceTree = "<group>"; };
		BEEE0842149E86200010ABF6 /* F5udp.h */ = {isa = PBXFileReference; fileEncoding = 4; lastKnownFileType = sourcecode.c.h; path = F5udp.h; sourceTree = "<group>"; };
		BEEE0843149E86200010ABF6 /* F5udp.m */ = {isa = PBXFileReference; fileEncoding = 4; lastKnownFileType = sourcecode.c.objc; path = F5udp.m; sourceTree = "<group>"; };
/* End PBXFileReference section */

/* Begin PBXFrameworksBuildPhase section */
		BEEE07E8149E83980010ABF6 /* Frameworks */ = {
			isa = PBXFrameworksBuildPhase;
			buildActionMask = 2147483647;
			files = (
			);
			runOnlyForDeploymentPostprocessing = 0;
		};
/* End PBXFrameworksBuildPhase section */

/* Begin PBXGroup section */
		BEEE07A3149E7E230010ABF6 = {
			isa = PBXGroup;
			children = (
				BEEE0807149E86200010ABF6 /* Classes */,
				BEEE080F149E86200010ABF6 /* phonegaplib */,
				BEEE0839149E86200010ABF6 /* Plugins */,
				BEEE07EF149E83980010ABF6 /* Supporting Files */,
				BEEE07AF149E7E230010ABF6 /* Products */,
			);
			sourceTree = "<group>";
		};
		BEEE07AF149E7E230010ABF6 /* Products */ = {
			isa = PBXGroup;
			children = (
				BEEE07EB149E83980010ABF6 /* f5.framework */,
			);
			name = Products;
			sourceTree = "<group>";
		};
		BEEE07EF149E83980010ABF6 /* Supporting Files */ = {
			isa = PBXGroup;
			children = (
				BEA2675E149E907A00DF8ADC /* f5-Info.plist */,
				BEA2675F149E907A00DF8ADC /* f5-Prefix.pch */,
			);
			name = "Supporting Files";
			path = f5;
			sourceTree = "<group>";
		};
		BEEE0807149E86200010ABF6 /* Classes */ = {
			isa = PBXGroup;
			children = (
				BEEE0808149E86200010ABF6 /* 3p */,
				BEEE080B149E86200010ABF6 /* AppDelegate.h */,
				BEEE080C149E86200010ABF6 /* AppDelegate.m */,
				BEEE080D149E86200010ABF6 /* Debug.h */,
				BEEE080E149E86200010ABF6 /* Debug.m */,
			);
			path = Classes;
			sourceTree = "<group>";
		};
		BEEE0808149E86200010ABF6 /* 3p */ = {
			isa = PBXGroup;
			children = (
				BEEE0809149E86200010ABF6 /* AsyncUdpSocket.h */,
				BEEE080A149E86200010ABF6 /* AsyncUdpSocket.m */,
			);
			path = 3p;
			sourceTree = "<group>";
		};
		BEEE080F149E86200010ABF6 /* phonegaplib */ = {
			isa = PBXGroup;
			children = (
				BEEE0810149E86200010ABF6 /* Connection.h */,
				BEEE0811149E86200010ABF6 /* Connection.m */,
				BEEE0812149E86200010ABF6 /* DebugConsole.h */,
				BEEE0813149E86200010ABF6 /* DebugConsole.m */,
				BEEE0814149E86200010ABF6 /* InvokedUrlCommand.h */,
				BEEE0815149E86200010ABF6 /* InvokedUrlCommand.m */,
				BEEE0816149E86200010ABF6 /* JSON */,
				BEEE0824149E86200010ABF6 /* Location.h */,
				BEEE0825149E86200010ABF6 /* Location.m */,
				BEEE0826149E86200010ABF6 /* NSMutableArray+QueueAdditions.h */,
				BEEE0827149E86200010ABF6 /* NSMutableArray+QueueAdditions.m */,
				BEEE0828149E86200010ABF6 /* PGDebug.h */,
				BEEE0829149E86200010ABF6 /* PGPlugin.h */,
				BEEE082A149E86200010ABF6 /* PGPlugin.m */,
				BEEE082B149E86200010ABF6 /* PGSplashScreen.h */,
				BEEE082C149E86200010ABF6 /* PGSplashScreen.m */,
				BEEE082D149E86200010ABF6 /* PGURLProtocol.h */,
				BEEE082E149E86200010ABF6 /* PGURLProtocol.m */,
				BEEE082F149E86200010ABF6 /* PGWhitelist.h */,
				BEEE0830149E86200010ABF6 /* PGWhitelist.m */,
				BEEE0831149E86200010ABF6 /* PhoneGapDelegate.h */,
				BEEE0832149E86200010ABF6 /* PhoneGapDelegate.m */,
				BEEE0833149E86200010ABF6 /* PhoneGapViewController.h */,
				BEEE0834149E86200010ABF6 /* PhoneGapViewController.m */,
				BEEE0835149E86200010ABF6 /* PluginResult.h */,
				BEEE0836149E86200010ABF6 /* PluginResult.m */,
				BEEE0837149E86200010ABF6 /* Reachability.h */,
				BEEE0838149E86200010ABF6 /* Reachability.m */,
			);
			path = phonegaplib;
			sourceTree = "<group>";
		};
		BEEE0816149E86200010ABF6 /* JSON */ = {
			isa = PBXGroup;
			children = (
				BEEE0817149E86200010ABF6 /* JSON.h */,
				BEEE0818149E86200010ABF6 /* NSObject+SBJSON.h */,
				BEEE0819149E86200010ABF6 /* NSObject+SBJSON.m */,
				BEEE081A149E86200010ABF6 /* NSString+SBJSON.h */,
				BEEE081B149E86200010ABF6 /* NSString+SBJSON.m */,
				BEEE081C149E86200010ABF6 /* SBJSON.h */,
				BEEE081D149E86200010ABF6 /* SBJSON.m */,
				BEEE081E149E86200010ABF6 /* SBJsonBase.h */,
				BEEE081F149E86200010ABF6 /* SBJsonBase.m */,
				BEEE0820149E86200010ABF6 /* SBJsonParser.h */,
				BEEE0821149E86200010ABF6 /* SBJsonParser.m */,
				BEEE0822149E86200010ABF6 /* SBJsonWriter.h */,
				BEEE0823149E86200010ABF6 /* SBJsonWriter.m */,
			);
			path = JSON;
			sourceTree = "<group>";
		};
		BEEE0839149E86200010ABF6 /* Plugins */ = {
			isa = PBXGroup;
			children = (
				BEEE083A149E86200010ABF6 /* F5CommandQueue.h */,
				BEEE083B149E86200010ABF6 /* F5CommandQueue.m */,
				BEEE083C149E86200010ABF6 /* F5LocationReminder.h */,
				BEEE083D149E86200010ABF6 /* F5LocationReminder.m */,
				BEEE083E149E86200010ABF6 /* F5MapView.h */,
				BEEE083F149E86200010ABF6 /* F5MapView.m */,
				BEEE0840149E86200010ABF6 /* F5NavigationBar.h */,
				BEEE0841149E86200010ABF6 /* F5NavigationBar.m */,
				BEEE0842149E86200010ABF6 /* F5udp.h */,
				BEEE0843149E86200010ABF6 /* F5udp.m */,
			);
			path = Plugins;
			sourceTree = "<group>";
		};
/* End PBXGroup section */

/* Begin PBXHeadersBuildPhase section */
		BEEE085F149E86F90010ABF6 /* Headers */ = {
			isa = PBXHeadersBuildPhase;
			buildActionMask = 2147483647;
			files = (
				BEEE0860149E87260010ABF6 /* AppDelegate.h in Headers */,
				BEEE0862149E87350010ABF6 /* PGDebug.h in Headers */,
				BEEE0861149E872E0010ABF6 /* Debug.h in Headers */,
				BEA26761149E907A00DF8ADC /* f5-Prefix.pch in Headers */,
			);
			runOnlyForDeploymentPostprocessing = 0;
		};
/* End PBXHeadersBuildPhase section */

/* Begin PBXNativeTarget section */
		BEEE07EA149E83980010ABF6 /* f5 */ = {
			isa = PBXNativeTarget;
			buildConfigurationList = BEEE07F5149E83980010ABF6 /* Build configuration list for PBXNativeTarget "f5" */;
			buildPhases = (
				BEEE07E7149E83980010ABF6 /* Sources */,
				BEEE07E8149E83980010ABF6 /* Frameworks */,
				BEEE07E9149E83980010ABF6 /* Resources */,
				BEEE085F149E86F90010ABF6 /* Headers */,
			);
			buildRules = (
			);
			dependencies = (
			);
			name = f5;
			productName = f5;
			productReference = BEEE07EB149E83980010ABF6 /* f5.framework */;
			productType = "com.apple.product-type.bundle";
		};
/* End PBXNativeTarget section */

/* Begin PBXProject section */
		BEEE07A5149E7E230010ABF6 /* Project object */ = {
			isa = PBXProject;
			attributes = {
				LastUpgradeCheck = 0420;
			};
			buildConfigurationList = BEEE07A8149E7E230010ABF6 /* Build configuration list for PBXProject "f5" */;
			compatibilityVersion = "Xcode 3.2";
			developmentRegion = English;
			hasScannedForEncodings = 0;
			knownRegions = (
				en,
			);
			mainGroup = BEEE07A3149E7E230010ABF6;
			productRefGroup = BEEE07AF149E7E230010ABF6 /* Products */;
			projectDirPath = "";
			projectRoot = "";
			targets = (
				BEEE07EA149E83980010ABF6 /* f5 */,
				BE115AFF149E88B500613634 /* f5 Universal Framework */,
			);
		};
/* End PBXProject section */

/* Begin PBXResourcesBuildPhase section */
		BEEE07E9149E83980010ABF6 /* Resources */ = {
			isa = PBXResourcesBuildPhase;
			buildActionMask = 2147483647;
			files = (
			);
			runOnlyForDeploymentPostprocessing = 0;
		};
/* End PBXResourcesBuildPhase section */

/* Begin PBXShellScriptBuildPhase section */
		BE115B03149E88D900613634 /* ShellScript */ = {
			isa = PBXShellScriptBuildPhase;
			buildActionMask = 2147483647;
			files = (
			);
			inputPaths = (
			);
			outputPaths = (
			);
			runOnlyForDeploymentPostprocessing = 0;
			shellPath = /bin/sh;
			shellScript = "# Sets the target folders and the final framework product.\nFMK_NAME=f5\nFMK_VERSION=A\n\n# Install dir will be the final output to the framework.\n# The following line create it in the root folder of the current project.\nINSTALL_DIR=${SRCROOT}/Products/${FMK_NAME}.framework\n\n# Working dir will be deleted after the framework creation.\nWRK_DIR=build\nDEVICE_DIR=${WRK_DIR}/Release-iphoneos/${FMK_NAME}.framework\nSIMULATOR_DIR=${WRK_DIR}/Release-iphonesimulator/${FMK_NAME}.framework\n\n# Building both architectures.\nxcodebuild -configuration \"Release\" -target \"${FMK_NAME}\" -sdk iphoneos\nxcodebuild -configuration \"Release\" -target \"${FMK_NAME}\" -sdk iphonesimulator\n\n# Cleaning the oldest.\nif [ -d \"${INSTALL_DIR}\" ]\nthen\nrm -rf \"${INSTALL_DIR}\"\nfi\n\necho 'INSTALL DIR ' $INSTALL_DIR\n\n# Creates and renews the final product folder.\nmkdir -p \"${INSTALL_DIR}\"\nmkdir -p \"${INSTALL_DIR}/Versions\"\nmkdir -p \"${INSTALL_DIR}/Versions/${FMK_VERSION}\"\nmkdir -p \"${INSTALL_DIR}/Versions/${FMK_VERSION}/Resources\"\nmkdir -p \"${INSTALL_DIR}/Versions/${FMK_VERSION}/Headers\"\n\n# Creates the internal links.\n# It MUST uses relative path, otherwise will not work when the folder is copied/moved.\nln -s \"${FMK_VERSION}\" \"${INSTALL_DIR}/Versions/Current\"\nln -s \"Versions/Current/Headers\" \"${INSTALL_DIR}/Headers\"\nln -s \"Versions/Current/Resources\" \"${INSTALL_DIR}/Resources\"\nln -s \"Versions/Current/${FMK_NAME}\" \"${INSTALL_DIR}/${FMK_NAME}\"\n\n# Copies the headers and resources files to the final product folder.\ncp -R \"${DEVICE_DIR}/Headers/\" \"${INSTALL_DIR}/Versions/${FMK_VERSION}/Headers/\"\ncp -R \"${DEVICE_DIR}/\" \"${INSTALL_DIR}/Versions/${FMK_VERSION}/Resources/\"\n\n# Removes the binary and header from the resources folder.\nrm -r \"${INSTALL_DIR}/Versions/${FMK_VERSION}/Resources/Headers\" \"${INSTALL_DIR}/Versions/${FMK_VERSION}/Resources/${FMK_NAME}\"\n\n# Uses the Lipo Tool to merge both binary files (i386 + armv6/armv7) into one Universal final product.\nlipo -create \"${DEVICE_DIR}/${FMK_NAME}\" \"${SIMULATOR_DIR}/${FMK_NAME}\" -output \"${INSTALL_DIR}/Versions/${FMK_VERSION}/${FMK_NAME}\"\n\nrm -r \"${WRK_DIR}\"";
		};
/* End PBXShellScriptBuildPhase section */

/* Begin PBXSourcesBuildPhase section */
		BEEE07E7149E83980010ABF6 /* Sources */ = {
			isa = PBXSourcesBuildPhase;
			buildActionMask = 2147483647;
			files = (
				BEEE0844149E86200010ABF6 /* AsyncUdpSocket.m in Sources */,
				BEEE0845149E86200010ABF6 /* AppDelegate.m in Sources */,
				BEEE0846149E86200010ABF6 /* Debug.m in Sources */,
				BEEE0847149E86200010ABF6 /* Connection.m in Sources */,
				BEEE0848149E86200010ABF6 /* DebugConsole.m in Sources */,
				BEEE0849149E86200010ABF6 /* InvokedUrlCommand.m in Sources */,
				BEEE084A149E86200010ABF6 /* NSObject+SBJSON.m in Sources */,
				BEEE084B149E86200010ABF6 /* NSString+SBJSON.m in Sources */,
				BEEE084C149E86200010ABF6 /* SBJSON.m in Sources */,
				BEEE084D149E86200010ABF6 /* SBJsonBase.m in Sources */,
				BEEE084E149E86200010ABF6 /* SBJsonParser.m in Sources */,
				BEEE084F149E86200010ABF6 /* SBJsonWriter.m in Sources */,
				BEEE0850149E86200010ABF6 /* Location.m in Sources */,
				BEEE0851149E86200010ABF6 /* NSMutableArray+QueueAdditions.m in Sources */,
				BEEE0852149E86200010ABF6 /* PGPlugin.m in Sources */,
				BEEE0853149E86200010ABF6 /* PGSplashScreen.m in Sources */,
				BEEE0854149E86200010ABF6 /* PGURLProtocol.m in Sources */,
				BEEE0855149E86200010ABF6 /* PGWhitelist.m in Sources */,
				BEEE0856149E86200010ABF6 /* PhoneGapDelegate.m in Sources */,
				BEEE0857149E86200010ABF6 /* PhoneGapViewController.m in Sources */,
				BEEE0858149E86200010ABF6 /* PluginResult.m in Sources */,
				BEEE0859149E86200010ABF6 /* Reachability.m in Sources */,
				BEEE085A149E86200010ABF6 /* F5CommandQueue.m in Sources */,
				BEEE085B149E86200010ABF6 /* F5LocationReminder.m in Sources */,
				BEEE085C149E86200010ABF6 /* F5MapView.m in Sources */,
				BEEE085D149E86200010ABF6 /* F5NavigationBar.m in Sources */,
				BEEE085E149E86200010ABF6 /* F5udp.m in Sources */,
			);
			runOnlyForDeploymentPostprocessing = 0;
		};
/* End PBXSourcesBuildPhase section */

/* Begin XCBuildConfiguration section */
		BE115B01149E88B500613634 /* Debug */ = {
			isa = XCBuildConfiguration;
			buildSettings = {
				ARCHS = (
					armv6,
					"$(ARCHS_STANDARD_32_BIT)",
				);
				IPHONEOS_DEPLOYMENT_TARGET = 4.2;
				PRODUCT_NAME = "$(TARGET_NAME)";
			};
			name = Debug;
		};
		BE115B02149E88B500613634 /* Release */ = {
			isa = XCBuildConfiguration;
			buildSettings = {
				ARCHS = (
					armv6,
					"$(ARCHS_STANDARD_32_BIT)",
				);
				IPHONEOS_DEPLOYMENT_TARGET = 4.2;
				PRODUCT_NAME = "$(TARGET_NAME)";
			};
			name = Release;
		};
		BEEE07D0149E7E230010ABF6 /* Debug */ = {
			isa = XCBuildConfiguration;
			buildSettings = {
				ALWAYS_SEARCH_USER_PATHS = NO;
				ARCHS = "$(ARCHS_STANDARD_32_BIT)";
				COPY_PHASE_STRIP = NO;
				GCC_C_LANGUAGE_STANDARD = gnu99;
				GCC_DYNAMIC_NO_PIC = NO;
				GCC_OPTIMIZATION_LEVEL = 0;
				GCC_PREPROCESSOR_DEFINITIONS = (
					"DEBUG=1",
					"$(inherited)",
				);
				GCC_SYMBOLS_PRIVATE_EXTERN = NO;
				GCC_VERSION = com.apple.compilers.llvm.clang.1_0;
				GCC_WARN_ABOUT_MISSING_PROTOTYPES = YES;
				GCC_WARN_ABOUT_RETURN_TYPE = YES;
				GCC_WARN_UNUSED_VARIABLE = YES;
				IPHONEOS_DEPLOYMENT_TARGET = 5.0;
				SDKROOT = iphoneos;
			};
			name = Debug;
		};
		BEEE07D1149E7E230010ABF6 /* Release */ = {
			isa = XCBuildConfiguration;
			buildSettings = {
				ALWAYS_SEARCH_USER_PATHS = NO;
				ARCHS = "$(ARCHS_STANDARD_32_BIT)";
				COPY_PHASE_STRIP = YES;
				GCC_C_LANGUAGE_STANDARD = gnu99;
				GCC_VERSION = com.apple.compilers.llvm.clang.1_0;
				GCC_WARN_ABOUT_MISSING_PROTOTYPES = YES;
				GCC_WARN_ABOUT_RETURN_TYPE = YES;
				GCC_WARN_UNUSED_VARIABLE = YES;
				IPHONEOS_DEPLOYMENT_TARGET = 5.0;
				SDKROOT = iphoneos;
				VALIDATE_PRODUCT = YES;
			};
			name = Release;
		};
		BEEE07F6149E83980010ABF6 /* Debug */ = {
			isa = XCBuildConfiguration;
			buildSettings = {
				ARCHS = (
					armv6,
					"$(ARCHS_STANDARD_32_BIT)",
				);
				DEAD_CODE_STRIPPING = NO;
				GCC_ENABLE_OBJC_EXCEPTIONS = YES;
				GCC_PRECOMPILE_PREFIX_HEADER = YES;
				GCC_PREFIX_HEADER = "f5-Prefix.pch";
				GCC_WARN_64_TO_32_BIT_CONVERSION = YES;
				INFOPLIST_FILE = "f5-Info.plist";
				INSTALL_PATH = "$(LOCAL_LIBRARY_DIR)/Bundles";
				IPHONEOS_DEPLOYMENT_TARGET = 4.2;
				LINK_WITH_STANDARD_LIBRARIES = NO;
				MACH_O_TYPE = mh_object;
				MACOSX_DEPLOYMENT_TARGET = "";
				ONLY_ACTIVE_ARCH = NO;
				PRODUCT_NAME = "$(TARGET_NAME)";
				SDKROOT = iphoneos;
				TARGETED_DEVICE_FAMILY = "1,2";
				WRAPPER_EXTENSION = framework;
			};
			name = Debug;
		};
		BEEE07F7149E83980010ABF6 /* Release */ = {
			isa = XCBuildConfiguration;
			buildSettings = {
				ARCHS = (
					armv6,
					"$(ARCHS_STANDARD_32_BIT)",
				);
				DEAD_CODE_STRIPPING = NO;
				DEBUG_INFORMATION_FORMAT = "dwarf-with-dsym";
				GCC_ENABLE_OBJC_EXCEPTIONS = YES;
				GCC_PRECOMPILE_PREFIX_HEADER = YES;
				GCC_PREFIX_HEADER = "f5-Prefix.pch";
				GCC_WARN_64_TO_32_BIT_CONVERSION = YES;
				INFOPLIST_FILE = "f5-Info.plist";
				INSTALL_PATH = "$(LOCAL_LIBRARY_DIR)/Bundles";
				IPHONEOS_DEPLOYMENT_TARGET = 4.2;
				LINK_WITH_STANDARD_LIBRARIES = NO;
				MACH_O_TYPE = mh_object;
				MACOSX_DEPLOYMENT_TARGET = "";
				ONLY_ACTIVE_ARCH = NO;
				PRODUCT_NAME = "$(TARGET_NAME)";
				SDKROOT = iphoneos;
				TARGETED_DEVICE_FAMILY = "1,2";
				WRAPPER_EXTENSION = framework;
			};
			name = Release;
		};
/* End XCBuildConfiguration section */

/* Begin XCConfigurationList section */
		BE115B00149E88B500613634 /* Build configuration list for PBXAggregateTarget "f5 Universal Framework" */ = {
			isa = XCConfigurationList;
			buildConfigurations = (
				BE115B01149E88B500613634 /* Debug */,
				BE115B02149E88B500613634 /* Release */,
			);
			defaultConfigurationIsVisible = 0;
			defaultConfigurationName = Release;
		};
		BEEE07A8149E7E230010ABF6 /* Build configuration list for PBXProject "f5" */ = {
			isa = XCConfigurationList;
			buildConfigurations = (
				BEEE07D0149E7E230010ABF6 /* Debug */,
				BEEE07D1149E7E230010ABF6 /* Release */,
			);
			defaultConfigurationIsVisible = 0;
			defaultConfigurationName = Release;
		};
		BEEE07F5149E83980010ABF6 /* Build configuration list for PBXNativeTarget "f5" */ = {
			isa = XCConfigurationList;
			buildConfigurations = (
				BEEE07F6149E83980010ABF6 /* Debug */,
				BEEE07F7149E83980010ABF6 /* Release */,
			);
			defaultConfigurationIsVisible = 0;
			defaultConfigurationName = Release;
		};
/* End XCConfigurationList section */
	};
	rootObject = BEEE07A5149E7E230010ABF6 /* Project object */;
}
