// !$*UTF8*$!
{
	archiveVersion = 1;
	classes = {
	};
	objectVersion = 46;
	objects = {

/* Begin PBXBuildFile section */
		BE0E7A84149E80C00089BB38 /* main.m in Sources */ = {isa = PBXBuildFile; fileRef = BE0E7A6D149E80C00089BB38 /* main.m */; };
		BE0E7A85149E80C00089BB38 /* PhoneGap.plist in Resources */ = {isa = PBXBuildFile; fileRef = BE0E7A6E149E80C00089BB38 /* PhoneGap.plist */; };
		BE0E7A89149E80CF0089BB38 /* InfoPlist.strings in Resources */ = {isa = PBXBuildFile; fileRef = BE0E7A87149E80CF0089BB38 /* InfoPlist.strings */; };
		BE29F5E314686984009B0CB6 /* Foundation.framework in Frameworks */ = {isa = PBXBuildFile; fileRef = BE29F5E214686984009B0CB6 /* Foundation.framework */; };
		BE29F5E514686984009B0CB6 /* UIKit.framework in Frameworks */ = {isa = PBXBuildFile; fileRef = BE29F5E414686984009B0CB6 /* UIKit.framework */; };
		BE29F5F114686984009B0CB6 /* CoreLocation.framework in Frameworks */ = {isa = PBXBuildFile; fileRef = BE29F5F014686984009B0CB6 /* CoreLocation.framework */; };
		BE29F5F514686984009B0CB6 /* QuartzCore.framework in Frameworks */ = {isa = PBXBuildFile; fileRef = BE29F5F414686984009B0CB6 /* QuartzCore.framework */; };
		BE9A4B6F147C70E6004FF748 /* MapKit.framework in Frameworks */ = {isa = PBXBuildFile; fileRef = BE9A4B6E147C70E6004FF748 /* MapKit.framework */; };
		BEA26753149E8CC500DF8ADC /* Localizable.strings in Resources */ = {isa = PBXBuildFile; fileRef = BEA26747149E8CC500DF8ADC /* Localizable.strings */; };
		BEA26754149E8CC500DF8ADC /* icon-72.png in Resources */ = {isa = PBXBuildFile; fileRef = BEA2674B149E8CC500DF8ADC /* icon-72.png */; };
		BEA26755149E8CC500DF8ADC /* icon.png in Resources */ = {isa = PBXBuildFile; fileRef = BEA2674C149E8CC500DF8ADC /* icon.png */; };
		BEA26756149E8CC500DF8ADC /* icon@2x.png in Resources */ = {isa = PBXBuildFile; fileRef = BEA2674D149E8CC500DF8ADC /* icon@2x.png */; };
		BEA26758149E8CC500DF8ADC /* Default.png in Resources */ = {isa = PBXBuildFile; fileRef = BEA26750149E8CC500DF8ADC /* Default.png */; };
		BEA26759149E8CC500DF8ADC /* Default@2x.png in Resources */ = {isa = PBXBuildFile; fileRef = BEA26751149E8CC500DF8ADC /* Default@2x.png */; };
		BEA26770149E96FD00DF8ADC /* SystemConfiguration.framework in Frameworks */ = {isa = PBXBuildFile; fileRef = BEA2676F149E96FD00DF8ADC /* SystemConfiguration.framework */; };
		BEA26772149E972D00DF8ADC /* CoreGraphics.framework in Frameworks */ = {isa = PBXBuildFile; fileRef = BEA26771149E972D00DF8ADC /* CoreGraphics.framework */; };
		BED7ED7C15A6B95400367100 /* AsyncUdpSocket.m in Sources */ = {isa = PBXBuildFile; fileRef = BED7ED0A15A6B95400367100 /* AsyncUdpSocket.m */; };
		BED7ED7D15A6B95400367100 /* Facebook.m in Sources */ = {isa = PBXBuildFile; fileRef = BED7ED0D15A6B95400367100 /* Facebook.m */; };
		BED7ED7E15A6B95400367100 /* FBDialog.bundle in Resources */ = {isa = PBXBuildFile; fileRef = BED7ED0F15A6B95400367100 /* FBDialog.bundle */; };
		BED7ED7F15A6B95400367100 /* FBDialog.m in Sources */ = {isa = PBXBuildFile; fileRef = BED7ED1115A6B95400367100 /* FBDialog.m */; };
		BED7ED8015A6B95400367100 /* FBLoginDialog.m in Sources */ = {isa = PBXBuildFile; fileRef = BED7ED1315A6B95400367100 /* FBLoginDialog.m */; };
		BED7ED8115A6B95400367100 /* FBRequest.m in Sources */ = {isa = PBXBuildFile; fileRef = BED7ED1515A6B95400367100 /* FBRequest.m */; };
		BED7ED8215A6B95400367100 /* libFlurryAnalytics.a in Frameworks */ = {isa = PBXBuildFile; fileRef = BED7ED1815A6B95400367100 /* libFlurryAnalytics.a */; };
		BED7ED8315A6B95400367100 /* GTMNSString+HTML.m in Sources */ = {isa = PBXBuildFile; fileRef = BED7ED1D15A6B95400367100 /* GTMNSString+HTML.m */; };
		BED7ED8415A6B95400367100 /* LICENSE.txt in Resources */ = {isa = PBXBuildFile; fileRef = BED7ED1E15A6B95400367100 /* LICENSE.txt */; };
		BED7ED8515A6B95400367100 /* QSFileManager.m in Sources */ = {isa = PBXBuildFile; fileRef = BED7ED2015A6B95400367100 /* QSFileManager.m */; };
		BED7ED8615A6B95400367100 /* QSHttpClient.m in Sources */ = {isa = PBXBuildFile; fileRef = BED7ED2215A6B95400367100 /* QSHttpClient.m */; };
		BED7ED8715A6B95400367100 /* QSStrings.m in Sources */ = {isa = PBXBuildFile; fileRef = BED7ED2415A6B95400367100 /* QSStrings.m */; };
		BED7ED8815A6B95400367100 /* license in Resources */ = {isa = PBXBuildFile; fileRef = BED7ED2715A6B95400367100 /* license */; };
		BED7ED8915A6B95400367100 /* NSString+MD5Addition.m in Sources */ = {isa = PBXBuildFile; fileRef = BED7ED2915A6B95400367100 /* NSString+MD5Addition.m */; };
		BED7ED8A15A6B95400367100 /* UIDevice+IdentifierAddition.m in Sources */ = {isa = PBXBuildFile; fileRef = BED7ED2B15A6B95400367100 /* UIDevice+IdentifierAddition.m */; };
		BED7ED8B15A6B95400367100 /* AppDelegate.m in Sources */ = {isa = PBXBuildFile; fileRef = BED7ED2D15A6B95400367100 /* AppDelegate.m */; };
		BED7ED8C15A6B95400367100 /* Debug.m in Sources */ = {isa = PBXBuildFile; fileRef = BED7ED2F15A6B95400367100 /* Debug.m */; };
		BED7ED8D15A6B95400367100 /* F5Application.m in Sources */ = {isa = PBXBuildFile; fileRef = BED7ED3115A6B95400367100 /* F5Application.m */; };
		BED7ED8E15A6B95400367100 /* F5Sleep.m in Sources */ = {isa = PBXBuildFile; fileRef = BED7ED3515A6B95400367100 /* F5Sleep.m */; };
		BED7ED8F15A6B95400367100 /* F5Activity.m in Sources */ = {isa = PBXBuildFile; fileRef = BED7ED3715A6B95400367100 /* F5Activity.m */; };
		BED7ED9015A6B95400367100 /* F5Alert.m in Sources */ = {isa = PBXBuildFile; fileRef = BED7ED3915A6B95400367100 /* F5Alert.m */; };
		BED7ED9115A6B95400367100 /* F5Analytics.m in Sources */ = {isa = PBXBuildFile; fileRef = BED7ED3B15A6B95400367100 /* F5Analytics.m */; };
		BED7ED9215A6B95400367100 /* F5CommandQueue.m in Sources */ = {isa = PBXBuildFile; fileRef = BED7ED3D15A6B95400367100 /* F5CommandQueue.m */; };
		BED7ED9315A6B95400367100 /* F5FacebookConnect.m in Sources */ = {isa = PBXBuildFile; fileRef = BED7ED3F15A6B95400367100 /* F5FacebookConnect.m */; };
		BED7ED9415A6B95400367100 /* F5LocationReminder.m in Sources */ = {isa = PBXBuildFile; fileRef = BED7ED4115A6B95400367100 /* F5LocationReminder.m */; };
		BED7ED9515A6B95400367100 /* F5MapView.m in Sources */ = {isa = PBXBuildFile; fileRef = BED7ED4315A6B95400367100 /* F5MapView.m */; };
		BED7ED9615A6B95400367100 /* F5MaskRegion.m in Sources */ = {isa = PBXBuildFile; fileRef = BED7ED4515A6B95400367100 /* F5MaskRegion.m */; };
		BED7ED9715A6B95400367100 /* F5NavigationBar.m in Sources */ = {isa = PBXBuildFile; fileRef = BED7ED4715A6B95400367100 /* F5NavigationBar.m */; };
		BED7ED9815A6B95400367100 /* F5NetworkActivity.m in Sources */ = {isa = PBXBuildFile; fileRef = BED7ED4915A6B95400367100 /* F5NetworkActivity.m */; };
		BED7ED9915A6B95400367100 /* F5PhoneCall.m in Sources */ = {isa = PBXBuildFile; fileRef = BED7ED4B15A6B95400367100 /* F5PhoneCall.m */; };
		BED7ED9A15A6B95400367100 /* F5udp.m in Sources */ = {isa = PBXBuildFile; fileRef = BED7ED4D15A6B95400367100 /* F5udp.m */; };
		BED7ED9B15A6B95400367100 /* F5URLRequestRewriter.m in Sources */ = {isa = PBXBuildFile; fileRef = BED7ED4F15A6B95400367100 /* F5URLRequestRewriter.m */; };
		BED7ED9C15A6B95400367100 /* F5WebView.m in Sources */ = {isa = PBXBuildFile; fileRef = BED7ED5115A6B95400367100 /* F5WebView.m */; };
		BED7ED9D15A6B95400367100 /* Connection.m in Sources */ = {isa = PBXBuildFile; fileRef = BED7ED5415A6B95400367100 /* Connection.m */; };
		BED7ED9E15A6B95400367100 /* DebugConsole.m in Sources */ = {isa = PBXBuildFile; fileRef = BED7ED5615A6B95400367100 /* DebugConsole.m */; };
		BED7ED9F15A6B95400367100 /* InvokedUrlCommand.m in Sources */ = {isa = PBXBuildFile; fileRef = BED7ED5815A6B95400367100 /* InvokedUrlCommand.m */; };
		BED7EDA015A6B95400367100 /* NSObject+SBJSON.m in Sources */ = {isa = PBXBuildFile; fileRef = BED7ED5C15A6B95400367100 /* NSObject+SBJSON.m */; };
		BED7EDA115A6B95400367100 /* NSString+SBJSON.m in Sources */ = {isa = PBXBuildFile; fileRef = BED7ED5E15A6B95400367100 /* NSString+SBJSON.m */; };
		BED7EDA215A6B95400367100 /* SBJSON.m in Sources */ = {isa = PBXBuildFile; fileRef = BED7ED6015A6B95400367100 /* SBJSON.m */; };
		BED7EDA315A6B95400367100 /* SBJsonBase.m in Sources */ = {isa = PBXBuildFile; fileRef = BED7ED6215A6B95400367100 /* SBJsonBase.m */; };
		BED7EDA415A6B95400367100 /* SBJsonParser.m in Sources */ = {isa = PBXBuildFile; fileRef = BED7ED6415A6B95400367100 /* SBJsonParser.m */; };
		BED7EDA515A6B95400367100 /* SBJsonWriter.m in Sources */ = {isa = PBXBuildFile; fileRef = BED7ED6615A6B95400367100 /* SBJsonWriter.m */; };
		BED7EDA615A6B95400367100 /* Location.m in Sources */ = {isa = PBXBuildFile; fileRef = BED7ED6815A6B95400367100 /* Location.m */; };
		BED7EDA715A6B95400367100 /* NSMutableArray+QueueAdditions.m in Sources */ = {isa = PBXBuildFile; fileRef = BED7ED6A15A6B95400367100 /* NSMutableArray+QueueAdditions.m */; };
		BED7EDA815A6B95400367100 /* PGPlugin.m in Sources */ = {isa = PBXBuildFile; fileRef = BED7ED6D15A6B95400367100 /* PGPlugin.m */; };
		BED7EDA915A6B95400367100 /* PGSplashScreen.m in Sources */ = {isa = PBXBuildFile; fileRef = BED7ED6F15A6B95400367100 /* PGSplashScreen.m */; };
		BED7EDAA15A6B95400367100 /* PGURLProtocol.m in Sources */ = {isa = PBXBuildFile; fileRef = BED7ED7115A6B95400367100 /* PGURLProtocol.m */; };
		BED7EDAB15A6B95400367100 /* PGWhitelist.m in Sources */ = {isa = PBXBuildFile; fileRef = BED7ED7315A6B95400367100 /* PGWhitelist.m */; };
		BED7EDAC15A6B95400367100 /* PhoneGapDelegate.m in Sources */ = {isa = PBXBuildFile; fileRef = BED7ED7515A6B95400367100 /* PhoneGapDelegate.m */; };
		BED7EDAD15A6B95400367100 /* PhoneGapViewController.m in Sources */ = {isa = PBXBuildFile; fileRef = BED7ED7715A6B95400367100 /* PhoneGapViewController.m */; };
		BED7EDAE15A6B95400367100 /* PluginResult.m in Sources */ = {isa = PBXBuildFile; fileRef = BED7ED7915A6B95400367100 /* PluginResult.m */; };
		BED7EDAF15A6B95400367100 /* Reachability.m in Sources */ = {isa = PBXBuildFile; fileRef = BED7ED7B15A6B95400367100 /* Reachability.m */; };
		BEEE07E6149E82BD0010ABF6 /* f5.plist in Resources */ = {isa = PBXBuildFile; fileRef = BEEE07E5149E82BD0010ABF6 /* f5.plist */; };
/* End PBXBuildFile section */

/* Begin PBXFileReference section */
		BE0E7A6B149E80C00089BB38 /* f5template-Info.plist */ = {isa = PBXFileReference; lastKnownFileType = file.bplist; path = "f5template-Info.plist"; sourceTree = "<group>"; };
		BE0E7A6C149E80C00089BB38 /* f5template-Prefix.pch */ = {isa = PBXFileReference; fileEncoding = 4; lastKnownFileType = sourcecode.c.h; path = "f5template-Prefix.pch"; sourceTree = "<group>"; };
		BE0E7A6D149E80C00089BB38 /* main.m */ = {isa = PBXFileReference; fileEncoding = 4; lastKnownFileType = sourcecode.c.objc; path = main.m; sourceTree = "<group>"; };
		BE0E7A6E149E80C00089BB38 /* PhoneGap.plist */ = {isa = PBXFileReference; fileEncoding = 4; lastKnownFileType = text.plist.xml; path = PhoneGap.plist; sourceTree = "<group>"; };
		BE0E7A88149E80CF0089BB38 /* en */ = {isa = PBXFileReference; fileEncoding = 4; lastKnownFileType = text.plist.strings; name = en; path = en.lproj/InfoPlist.strings; sourceTree = "<group>"; };
		BE29F5DE14686984009B0CB6 /* f5template.app */ = {isa = PBXFileReference; explicitFileType = wrapper.application; includeInIndex = 0; path = f5template.app; sourceTree = BUILT_PRODUCTS_DIR; };
		BE29F5E214686984009B0CB6 /* Foundation.framework */ = {isa = PBXFileReference; lastKnownFileType = wrapper.framework; name = Foundation.framework; path = System/Library/Frameworks/Foundation.framework; sourceTree = SDKROOT; };
		BE29F5E414686984009B0CB6 /* UIKit.framework */ = {isa = PBXFileReference; lastKnownFileType = wrapper.framework; name = UIKit.framework; path = System/Library/Frameworks/UIKit.framework; sourceTree = SDKROOT; };
		BE29F5F014686984009B0CB6 /* CoreLocation.framework */ = {isa = PBXFileReference; lastKnownFileType = wrapper.framework; name = CoreLocation.framework; path = System/Library/Frameworks/CoreLocation.framework; sourceTree = SDKROOT; };
		BE29F5F414686984009B0CB6 /* QuartzCore.framework */ = {isa = PBXFileReference; lastKnownFileType = wrapper.framework; name = QuartzCore.framework; path = System/Library/Frameworks/QuartzCore.framework; sourceTree = SDKROOT; };
		BE9A4B6E147C70E6004FF748 /* MapKit.framework */ = {isa = PBXFileReference; lastKnownFileType = wrapper.framework; name = MapKit.framework; path = System/Library/Frameworks/MapKit.framework; sourceTree = SDKROOT; };
		BEA26748149E8CC500DF8ADC /* en */ = {isa = PBXFileReference; lastKnownFileType = text.plist.strings; name = en; path = en.lproj/Localizable.strings; sourceTree = "<group>"; };
		BEA26749149E8CC500DF8ADC /* es */ = {isa = PBXFileReference; lastKnownFileType = text.plist.strings; name = es; path = es.lproj/Localizable.strings; sourceTree = "<group>"; };
		BEA2674B149E8CC500DF8ADC /* icon-72.png */ = {isa = PBXFileReference; lastKnownFileType = image.png; path = "icon-72.png"; sourceTree = "<group>"; };
		BEA2674C149E8CC500DF8ADC /* icon.png */ = {isa = PBXFileReference; lastKnownFileType = image.png; path = icon.png; sourceTree = "<group>"; };
		BEA2674D149E8CC500DF8ADC /* icon@2x.png */ = {isa = PBXFileReference; lastKnownFileType = image.png; path = "icon@2x.png"; sourceTree = "<group>"; };
		BEA26750149E8CC500DF8ADC /* Default.png */ = {isa = PBXFileReference; lastKnownFileType = image.png; path = Default.png; sourceTree = "<group>"; };
		BEA26751149E8CC500DF8ADC /* Default@2x.png */ = {isa = PBXFileReference; lastKnownFileType = image.png; path = "Default@2x.png"; sourceTree = "<group>"; };
		BEA2676F149E96FD00DF8ADC /* SystemConfiguration.framework */ = {isa = PBXFileReference; lastKnownFileType = wrapper.framework; name = SystemConfiguration.framework; path = System/Library/Frameworks/SystemConfiguration.framework; sourceTree = SDKROOT; };
		BEA26771149E972D00DF8ADC /* CoreGraphics.framework */ = {isa = PBXFileReference; lastKnownFileType = wrapper.framework; name = CoreGraphics.framework; path = System/Library/Frameworks/CoreGraphics.framework; sourceTree = SDKROOT; };
		BED7ED0915A6B95400367100 /* AsyncUdpSocket.h */ = {isa = PBXFileReference; fileEncoding = 4; lastKnownFileType = sourcecode.c.h; path = AsyncUdpSocket.h; sourceTree = "<group>"; };
		BED7ED0A15A6B95400367100 /* AsyncUdpSocket.m */ = {isa = PBXFileReference; fileEncoding = 4; lastKnownFileType = sourcecode.c.objc; path = AsyncUdpSocket.m; sourceTree = "<group>"; };
		BED7ED0C15A6B95400367100 /* Facebook.h */ = {isa = PBXFileReference; fileEncoding = 4; lastKnownFileType = sourcecode.c.h; path = Facebook.h; sourceTree = "<group>"; };
		BED7ED0D15A6B95400367100 /* Facebook.m */ = {isa = PBXFileReference; fileEncoding = 4; lastKnownFileType = sourcecode.c.objc; path = Facebook.m; sourceTree = "<group>"; };
		BED7ED0E15A6B95400367100 /* FBConnect.h */ = {isa = PBXFileReference; fileEncoding = 4; lastKnownFileType = sourcecode.c.h; path = FBConnect.h; sourceTree = "<group>"; };
		BED7ED0F15A6B95400367100 /* FBDialog.bundle */ = {isa = PBXFileReference; lastKnownFileType = "wrapper.plug-in"; path = FBDialog.bundle; sourceTree = "<group>"; };
		BED7ED1015A6B95400367100 /* FBDialog.h */ = {isa = PBXFileReference; fileEncoding = 4; lastKnownFileType = sourcecode.c.h; path = FBDialog.h; sourceTree = "<group>"; };
		BED7ED1115A6B95400367100 /* FBDialog.m */ = {isa = PBXFileReference; fileEncoding = 4; lastKnownFileType = sourcecode.c.objc; path = FBDialog.m; sourceTree = "<group>"; };
		BED7ED1215A6B95400367100 /* FBLoginDialog.h */ = {isa = PBXFileReference; fileEncoding = 4; lastKnownFileType = sourcecode.c.h; path = FBLoginDialog.h; sourceTree = "<group>"; };
		BED7ED1315A6B95400367100 /* FBLoginDialog.m */ = {isa = PBXFileReference; fileEncoding = 4; lastKnownFileType = sourcecode.c.objc; path = FBLoginDialog.m; sourceTree = "<group>"; };
		BED7ED1415A6B95400367100 /* FBRequest.h */ = {isa = PBXFileReference; fileEncoding = 4; lastKnownFileType = sourcecode.c.h; path = FBRequest.h; sourceTree = "<group>"; };
		BED7ED1515A6B95400367100 /* FBRequest.m */ = {isa = PBXFileReference; fileEncoding = 4; lastKnownFileType = sourcecode.c.objc; path = FBRequest.m; sourceTree = "<group>"; };
		BED7ED1715A6B95400367100 /* FlurryAnalytics.h */ = {isa = PBXFileReference; fileEncoding = 4; lastKnownFileType = sourcecode.c.h; path = FlurryAnalytics.h; sourceTree = "<group>"; };
		BED7ED1815A6B95400367100 /* libFlurryAnalytics.a */ = {isa = PBXFileReference; lastKnownFileType = archive.ar; path = libFlurryAnalytics.a; sourceTree = "<group>"; };
		BED7ED1B15A6B95400367100 /* GTMDefines.h */ = {isa = PBXFileReference; fileEncoding = 4; lastKnownFileType = sourcecode.c.h; path = GTMDefines.h; sourceTree = "<group>"; };
		BED7ED1C15A6B95400367100 /* GTMNSString+HTML.h */ = {isa = PBXFileReference; fileEncoding = 4; lastKnownFileType = sourcecode.c.h; path = "GTMNSString+HTML.h"; sourceTree = "<group>"; };
		BED7ED1D15A6B95400367100 /* GTMNSString+HTML.m */ = {isa = PBXFileReference; fileEncoding = 4; lastKnownFileType = sourcecode.c.objc; path = "GTMNSString+HTML.m"; sourceTree = "<group>"; };
		BED7ED1E15A6B95400367100 /* LICENSE.txt */ = {isa = PBXFileReference; fileEncoding = 4; lastKnownFileType = text; path = LICENSE.txt; sourceTree = "<group>"; };
		BED7ED1F15A6B95400367100 /* QSFileManager.h */ = {isa = PBXFileReference; fileEncoding = 4; lastKnownFileType = sourcecode.c.h; path = QSFileManager.h; sourceTree = "<group>"; };
		BED7ED2015A6B95400367100 /* QSFileManager.m */ = {isa = PBXFileReference; fileEncoding = 4; lastKnownFileType = sourcecode.c.objc; path = QSFileManager.m; sourceTree = "<group>"; };
		BED7ED2115A6B95400367100 /* QSHttpClient.h */ = {isa = PBXFileReference; fileEncoding = 4; lastKnownFileType = sourcecode.c.h; path = QSHttpClient.h; sourceTree = "<group>"; };
		BED7ED2215A6B95400367100 /* QSHttpClient.m */ = {isa = PBXFileReference; fileEncoding = 4; lastKnownFileType = sourcecode.c.objc; path = QSHttpClient.m; sourceTree = "<group>"; };
		BED7ED2315A6B95400367100 /* QSStrings.h */ = {isa = PBXFileReference; fileEncoding = 4; lastKnownFileType = sourcecode.c.h; path = QSStrings.h; sourceTree = "<group>"; };
		BED7ED2415A6B95400367100 /* QSStrings.m */ = {isa = PBXFileReference; fileEncoding = 4; lastKnownFileType = sourcecode.c.objc; path = QSStrings.m; sourceTree = "<group>"; };
		BED7ED2515A6B95400367100 /* QSUtilities.h */ = {isa = PBXFileReference; fileEncoding = 4; lastKnownFileType = sourcecode.c.h; path = QSUtilities.h; sourceTree = "<group>"; };
		BED7ED2715A6B95400367100 /* license */ = {isa = PBXFileReference; fileEncoding = 4; lastKnownFileType = text; path = license; sourceTree = "<group>"; };
		BED7ED2815A6B95400367100 /* NSString+MD5Addition.h */ = {isa = PBXFileReference; fileEncoding = 4; lastKnownFileType = sourcecode.c.h; path = "NSString+MD5Addition.h"; sourceTree = "<group>"; };
		BED7ED2915A6B95400367100 /* NSString+MD5Addition.m */ = {isa = PBXFileReference; fileEncoding = 4; lastKnownFileType = sourcecode.c.objc; path = "NSString+MD5Addition.m"; sourceTree = "<group>"; };
		BED7ED2A15A6B95400367100 /* UIDevice+IdentifierAddition.h */ = {isa = PBXFileReference; fileEncoding = 4; lastKnownFileType = sourcecode.c.h; path = "UIDevice+IdentifierAddition.h"; sourceTree = "<group>"; };
		BED7ED2B15A6B95400367100 /* UIDevice+IdentifierAddition.m */ = {isa = PBXFileReference; fileEncoding = 4; lastKnownFileType = sourcecode.c.objc; path = "UIDevice+IdentifierAddition.m"; sourceTree = "<group>"; };
		BED7ED2C15A6B95400367100 /* AppDelegate.h */ = {isa = PBXFileReference; fileEncoding = 4; lastKnownFileType = sourcecode.c.h; path = AppDelegate.h; sourceTree = "<group>"; };
		BED7ED2D15A6B95400367100 /* AppDelegate.m */ = {isa = PBXFileReference; fileEncoding = 4; lastKnownFileType = sourcecode.c.objc; path = AppDelegate.m; sourceTree = "<group>"; };
		BED7ED2E15A6B95400367100 /* Debug.h */ = {isa = PBXFileReference; fileEncoding = 4; lastKnownFileType = sourcecode.c.h; path = Debug.h; sourceTree = "<group>"; };
		BED7ED2F15A6B95400367100 /* Debug.m */ = {isa = PBXFileReference; fileEncoding = 4; lastKnownFileType = sourcecode.c.objc; path = Debug.m; sourceTree = "<group>"; };
		BED7ED3015A6B95400367100 /* F5Application.h */ = {isa = PBXFileReference; fileEncoding = 4; lastKnownFileType = sourcecode.c.h; path = F5Application.h; sourceTree = "<group>"; };
		BED7ED3115A6B95400367100 /* F5Application.m */ = {isa = PBXFileReference; fileEncoding = 4; lastKnownFileType = sourcecode.c.objc; path = F5Application.m; sourceTree = "<group>"; };
		BED7ED3415A6B95400367100 /* F5Sleep.h */ = {isa = PBXFileReference; fileEncoding = 4; lastKnownFileType = sourcecode.c.h; path = F5Sleep.h; sourceTree = "<group>"; };
		BED7ED3515A6B95400367100 /* F5Sleep.m */ = {isa = PBXFileReference; fileEncoding = 4; lastKnownFileType = sourcecode.c.objc; path = F5Sleep.m; sourceTree = "<group>"; };
		BED7ED3615A6B95400367100 /* F5Activity.h */ = {isa = PBXFileReference; fileEncoding = 4; lastKnownFileType = sourcecode.c.h; path = F5Activity.h; sourceTree = "<group>"; };
		BED7ED3715A6B95400367100 /* F5Activity.m */ = {isa = PBXFileReference; fileEncoding = 4; lastKnownFileType = sourcecode.c.objc; path = F5Activity.m; sourceTree = "<group>"; };
		BED7ED3815A6B95400367100 /* F5Alert.h */ = {isa = PBXFileReference; fileEncoding = 4; lastKnownFileType = sourcecode.c.h; path = F5Alert.h; sourceTree = "<group>"; };
		BED7ED3915A6B95400367100 /* F5Alert.m */ = {isa = PBXFileReference; fileEncoding = 4; lastKnownFileType = sourcecode.c.objc; path = F5Alert.m; sourceTree = "<group>"; };
		BED7ED3A15A6B95400367100 /* F5Analytics.h */ = {isa = PBXFileReference; fileEncoding = 4; lastKnownFileType = sourcecode.c.h; path = F5Analytics.h; sourceTree = "<group>"; };
		BED7ED3B15A6B95400367100 /* F5Analytics.m */ = {isa = PBXFileReference; fileEncoding = 4; lastKnownFileType = sourcecode.c.objc; path = F5Analytics.m; sourceTree = "<group>"; };
		BED7ED3C15A6B95400367100 /* F5CommandQueue.h */ = {isa = PBXFileReference; fileEncoding = 4; lastKnownFileType = sourcecode.c.h; path = F5CommandQueue.h; sourceTree = "<group>"; };
		BED7ED3D15A6B95400367100 /* F5CommandQueue.m */ = {isa = PBXFileReference; fileEncoding = 4; lastKnownFileType = sourcecode.c.objc; path = F5CommandQueue.m; sourceTree = "<group>"; };
		BED7ED3E15A6B95400367100 /* F5FacebookConnect.h */ = {isa = PBXFileReference; fileEncoding = 4; lastKnownFileType = sourcecode.c.h; path = F5FacebookConnect.h; sourceTree = "<group>"; };
		BED7ED3F15A6B95400367100 /* F5FacebookConnect.m */ = {isa = PBXFileReference; fileEncoding = 4; lastKnownFileType = sourcecode.c.objc; path = F5FacebookConnect.m; sourceTree = "<group>"; };
		BED7ED4015A6B95400367100 /* F5LocationReminder.h */ = {isa = PBXFileReference; fileEncoding = 4; lastKnownFileType = sourcecode.c.h; path = F5LocationReminder.h; sourceTree = "<group>"; };
		BED7ED4115A6B95400367100 /* F5LocationReminder.m */ = {isa = PBXFileReference; fileEncoding = 4; lastKnownFileType = sourcecode.c.objc; path = F5LocationReminder.m; sourceTree = "<group>"; };
		BED7ED4215A6B95400367100 /* F5MapView.h */ = {isa = PBXFileReference; fileEncoding = 4; lastKnownFileType = sourcecode.c.h; path = F5MapView.h; sourceTree = "<group>"; };
		BED7ED4315A6B95400367100 /* F5MapView.m */ = {isa = PBXFileReference; fileEncoding = 4; lastKnownFileType = sourcecode.c.objc; path = F5MapView.m; sourceTree = "<group>"; };
		BED7ED4415A6B95400367100 /* F5MaskRegion.h */ = {isa = PBXFileReference; fileEncoding = 4; lastKnownFileType = sourcecode.c.h; path = F5MaskRegion.h; sourceTree = "<group>"; };
		BED7ED4515A6B95400367100 /* F5MaskRegion.m */ = {isa = PBXFileReference; fileEncoding = 4; lastKnownFileType = sourcecode.c.objc; path = F5MaskRegion.m; sourceTree = "<group>"; };
		BED7ED4615A6B95400367100 /* F5NavigationBar.h */ = {isa = PBXFileReference; fileEncoding = 4; lastKnownFileType = sourcecode.c.h; path = F5NavigationBar.h; sourceTree = "<group>"; };
		BED7ED4715A6B95400367100 /* F5NavigationBar.m */ = {isa = PBXFileReference; fileEncoding = 4; lastKnownFileType = sourcecode.c.objc; path = F5NavigationBar.m; sourceTree = "<group>"; };
		BED7ED4815A6B95400367100 /* F5NetworkActivity.h */ = {isa = PBXFileReference; fileEncoding = 4; lastKnownFileType = sourcecode.c.h; path = F5NetworkActivity.h; sourceTree = "<group>"; };
		BED7ED4915A6B95400367100 /* F5NetworkActivity.m */ = {isa = PBXFileReference; fileEncoding = 4; lastKnownFileType = sourcecode.c.objc; path = F5NetworkActivity.m; sourceTree = "<group>"; };
		BED7ED4A15A6B95400367100 /* F5PhoneCall.h */ = {isa = PBXFileReference; fileEncoding = 4; lastKnownFileType = sourcecode.c.h; path = F5PhoneCall.h; sourceTree = "<group>"; };
		BED7ED4B15A6B95400367100 /* F5PhoneCall.m */ = {isa = PBXFileReference; fileEncoding = 4; lastKnownFileType = sourcecode.c.objc; path = F5PhoneCall.m; sourceTree = "<group>"; };
		BED7ED4C15A6B95400367100 /* F5udp.h */ = {isa = PBXFileReference; fileEncoding = 4; lastKnownFileType = sourcecode.c.h; path = F5udp.h; sourceTree = "<group>"; };
		BED7ED4D15A6B95400367100 /* F5udp.m */ = {isa = PBXFileReference; fileEncoding = 4; lastKnownFileType = sourcecode.c.objc; path = F5udp.m; sourceTree = "<group>"; };
		BED7ED4E15A6B95400367100 /* F5URLRequestRewriter.h */ = {isa = PBXFileReference; fileEncoding = 4; lastKnownFileType = sourcecode.c.h; path = F5URLRequestRewriter.h; sourceTree = "<group>"; };
		BED7ED4F15A6B95400367100 /* F5URLRequestRewriter.m */ = {isa = PBXFileReference; fileEncoding = 4; lastKnownFileType = sourcecode.c.objc; path = F5URLRequestRewriter.m; sourceTree = "<group>"; };
		BED7ED5015A6B95400367100 /* F5WebView.h */ = {isa = PBXFileReference; fileEncoding = 4; lastKnownFileType = sourcecode.c.h; path = F5WebView.h; sourceTree = "<group>"; };
		BED7ED5115A6B95400367100 /* F5WebView.m */ = {isa = PBXFileReference; fileEncoding = 4; lastKnownFileType = sourcecode.c.objc; path = F5WebView.m; sourceTree = "<group>"; };
		BED7ED5315A6B95400367100 /* Connection.h */ = {isa = PBXFileReference; fileEncoding = 4; lastKnownFileType = sourcecode.c.h; path = Connection.h; sourceTree = "<group>"; };
		BED7ED5415A6B95400367100 /* Connection.m */ = {isa = PBXFileReference; fileEncoding = 4; lastKnownFileType = sourcecode.c.objc; path = Connection.m; sourceTree = "<group>"; };
		BED7ED5515A6B95400367100 /* DebugConsole.h */ = {isa = PBXFileReference; fileEncoding = 4; lastKnownFileType = sourcecode.c.h; path = DebugConsole.h; sourceTree = "<group>"; };
		BED7ED5615A6B95400367100 /* DebugConsole.m */ = {isa = PBXFileReference; fileEncoding = 4; lastKnownFileType = sourcecode.c.objc; path = DebugConsole.m; sourceTree = "<group>"; };
		BED7ED5715A6B95400367100 /* InvokedUrlCommand.h */ = {isa = PBXFileReference; fileEncoding = 4; lastKnownFileType = sourcecode.c.h; path = InvokedUrlCommand.h; sourceTree = "<group>"; };
		BED7ED5815A6B95400367100 /* InvokedUrlCommand.m */ = {isa = PBXFileReference; fileEncoding = 4; lastKnownFileType = sourcecode.c.objc; path = InvokedUrlCommand.m; sourceTree = "<group>"; };
		BED7ED5A15A6B95400367100 /* JSON.h */ = {isa = PBXFileReference; fileEncoding = 4; lastKnownFileType = sourcecode.c.h; path = JSON.h; sourceTree = "<group>"; };
		BED7ED5B15A6B95400367100 /* NSObject+SBJSON.h */ = {isa = PBXFileReference; fileEncoding = 4; lastKnownFileType = sourcecode.c.h; path = "NSObject+SBJSON.h"; sourceTree = "<group>"; };
		BED7ED5C15A6B95400367100 /* NSObject+SBJSON.m */ = {isa = PBXFileReference; fileEncoding = 4; lastKnownFileType = sourcecode.c.objc; path = "NSObject+SBJSON.m"; sourceTree = "<group>"; };
		BED7ED5D15A6B95400367100 /* NSString+SBJSON.h */ = {isa = PBXFileReference; fileEncoding = 4; lastKnownFileType = sourcecode.c.h; path = "NSString+SBJSON.h"; sourceTree = "<group>"; };
		BED7ED5E15A6B95400367100 /* NSString+SBJSON.m */ = {isa = PBXFileReference; fileEncoding = 4; lastKnownFileType = sourcecode.c.objc; path = "NSString+SBJSON.m"; sourceTree = "<group>"; };
		BED7ED5F15A6B95400367100 /* SBJSON.h */ = {isa = PBXFileReference; fileEncoding = 4; lastKnownFileType = sourcecode.c.h; path = SBJSON.h; sourceTree = "<group>"; };
		BED7ED6015A6B95400367100 /* SBJSON.m */ = {isa = PBXFileReference; fileEncoding = 4; lastKnownFileType = sourcecode.c.objc; path = SBJSON.m; sourceTree = "<group>"; };
		BED7ED6115A6B95400367100 /* SBJsonBase.h */ = {isa = PBXFileReference; fileEncoding = 4; lastKnownFileType = sourcecode.c.h; path = SBJsonBase.h; sourceTree = "<group>"; };
		BED7ED6215A6B95400367100 /* SBJsonBase.m */ = {isa = PBXFileReference; fileEncoding = 4; lastKnownFileType = sourcecode.c.objc; path = SBJsonBase.m; sourceTree = "<group>"; };
		BED7ED6315A6B95400367100 /* SBJsonParser.h */ = {isa = PBXFileReference; fileEncoding = 4; lastKnownFileType = sourcecode.c.h; path = SBJsonParser.h; sourceTree = "<group>"; };
		BED7ED6415A6B95400367100 /* SBJsonParser.m */ = {isa = PBXFileReference; fileEncoding = 4; lastKnownFileType = sourcecode.c.objc; path = SBJsonParser.m; sourceTree = "<group>"; };
		BED7ED6515A6B95400367100 /* SBJsonWriter.h */ = {isa = PBXFileReference; fileEncoding = 4; lastKnownFileType = sourcecode.c.h; path = SBJsonWriter.h; sourceTree = "<group>"; };
		BED7ED6615A6B95400367100 /* SBJsonWriter.m */ = {isa = PBXFileReference; fileEncoding = 4; lastKnownFileType = sourcecode.c.objc; path = SBJsonWriter.m; sourceTree = "<group>"; };
		BED7ED6715A6B95400367100 /* Location.h */ = {isa = PBXFileReference; fileEncoding = 4; lastKnownFileType = sourcecode.c.h; path = Location.h; sourceTree = "<group>"; };
		BED7ED6815A6B95400367100 /* Location.m */ = {isa = PBXFileReference; fileEncoding = 4; lastKnownFileType = sourcecode.c.objc; path = Location.m; sourceTree = "<group>"; };
		BED7ED6915A6B95400367100 /* NSMutableArray+QueueAdditions.h */ = {isa = PBXFileReference; fileEncoding = 4; lastKnownFileType = sourcecode.c.h; path = "NSMutableArray+QueueAdditions.h"; sourceTree = "<group>"; };
		BED7ED6A15A6B95400367100 /* NSMutableArray+QueueAdditions.m */ = {isa = PBXFileReference; fileEncoding = 4; lastKnownFileType = sourcecode.c.objc; path = "NSMutableArray+QueueAdditions.m"; sourceTree = "<group>"; };
		BED7ED6B15A6B95400367100 /* PGDebug.h */ = {isa = PBXFileReference; fileEncoding = 4; lastKnownFileType = sourcecode.c.h; path = PGDebug.h; sourceTree = "<group>"; };
		BED7ED6C15A6B95400367100 /* PGPlugin.h */ = {isa = PBXFileReference; fileEncoding = 4; lastKnownFileType = sourcecode.c.h; path = PGPlugin.h; sourceTree = "<group>"; };
		BED7ED6D15A6B95400367100 /* PGPlugin.m */ = {isa = PBXFileReference; fileEncoding = 4; lastKnownFileType = sourcecode.c.objc; path = PGPlugin.m; sourceTree = "<group>"; };
		BED7ED6E15A6B95400367100 /* PGSplashScreen.h */ = {isa = PBXFileReference; fileEncoding = 4; lastKnownFileType = sourcecode.c.h; path = PGSplashScreen.h; sourceTree = "<group>"; };
		BED7ED6F15A6B95400367100 /* PGSplashScreen.m */ = {isa = PBXFileReference; fileEncoding = 4; lastKnownFileType = sourcecode.c.objc; path = PGSplashScreen.m; sourceTree = "<group>"; };
		BED7ED7015A6B95400367100 /* PGURLProtocol.h */ = {isa = PBXFileReference; fileEncoding = 4; lastKnownFileType = sourcecode.c.h; path = PGURLProtocol.h; sourceTree = "<group>"; };
		BED7ED7115A6B95400367100 /* PGURLProtocol.m */ = {isa = PBXFileReference; fileEncoding = 4; lastKnownFileType = sourcecode.c.objc; path = PGURLProtocol.m; sourceTree = "<group>"; };
		BED7ED7215A6B95400367100 /* PGWhitelist.h */ = {isa = PBXFileReference; fileEncoding = 4; lastKnownFileType = sourcecode.c.h; path = PGWhitelist.h; sourceTree = "<group>"; };
		BED7ED7315A6B95400367100 /* PGWhitelist.m */ = {isa = PBXFileReference; fileEncoding = 4; lastKnownFileType = sourcecode.c.objc; path = PGWhitelist.m; sourceTree = "<group>"; };
		BED7ED7415A6B95400367100 /* PhoneGapDelegate.h */ = {isa = PBXFileReference; fileEncoding = 4; lastKnownFileType = sourcecode.c.h; path = PhoneGapDelegate.h; sourceTree = "<group>"; };
		BED7ED7515A6B95400367100 /* PhoneGapDelegate.m */ = {isa = PBXFileReference; fileEncoding = 4; lastKnownFileType = sourcecode.c.objc; path = PhoneGapDelegate.m; sourceTree = "<group>"; };
		BED7ED7615A6B95400367100 /* PhoneGapViewController.h */ = {isa = PBXFileReference; fileEncoding = 4; lastKnownFileType = sourcecode.c.h; path = PhoneGapViewController.h; sourceTree = "<group>"; };
		BED7ED7715A6B95400367100 /* PhoneGapViewController.m */ = {isa = PBXFileReference; fileEncoding = 4; lastKnownFileType = sourcecode.c.objc; path = PhoneGapViewController.m; sourceTree = "<group>"; };
		BED7ED7815A6B95400367100 /* PluginResult.h */ = {isa = PBXFileReference; fileEncoding = 4; lastKnownFileType = sourcecode.c.h; path = PluginResult.h; sourceTree = "<group>"; };
		BED7ED7915A6B95400367100 /* PluginResult.m */ = {isa = PBXFileReference; fileEncoding = 4; lastKnownFileType = sourcecode.c.objc; path = PluginResult.m; sourceTree = "<group>"; };
		BED7ED7A15A6B95400367100 /* Reachability.h */ = {isa = PBXFileReference; fileEncoding = 4; lastKnownFileType = sourcecode.c.h; path = Reachability.h; sourceTree = "<group>"; };
		BED7ED7B15A6B95400367100 /* Reachability.m */ = {isa = PBXFileReference; fileEncoding = 4; lastKnownFileType = sourcecode.c.objc; path = Reachability.m; sourceTree = "<group>"; };
		BEEE07E5149E82BD0010ABF6 /* f5.plist */ = {isa = PBXFileReference; fileEncoding = 4; lastKnownFileType = text.plist.xml; path = f5.plist; sourceTree = "<group>"; };
/* End PBXFileReference section */

/* Begin PBXFrameworksBuildPhase section */
		BE29F5D814686984009B0CB6 /* Frameworks */ = {
			isa = PBXFrameworksBuildPhase;
			buildActionMask = 2147483647;
			files = (
				BE29F5E314686984009B0CB6 /* Foundation.framework in Frameworks */,
				BE29F5E514686984009B0CB6 /* UIKit.framework in Frameworks */,
				BE29F5F114686984009B0CB6 /* CoreLocation.framework in Frameworks */,
				BE29F5F514686984009B0CB6 /* QuartzCore.framework in Frameworks */,
				BE9A4B6F147C70E6004FF748 /* MapKit.framework in Frameworks */,
				BEA26770149E96FD00DF8ADC /* SystemConfiguration.framework in Frameworks */,
				BEA26772149E972D00DF8ADC /* CoreGraphics.framework in Frameworks */,
				BED7ED8215A6B95400367100 /* libFlurryAnalytics.a in Frameworks */,
			);
			runOnlyForDeploymentPostprocessing = 0;
		};
		BE29F5DB14686984009B0CB6 /* Frameworks */ = {
			isa = PBXFrameworksBuildPhase;
			buildActionMask = 2147483647;
			files = (
			);
			runOnlyForDeploymentPostprocessing = 0;
		};
/* End PBXFrameworksBuildPhase section */

/* Begin PBXGroup section */
		BE29F5D014686984009B0CB6 = {
			isa = PBXGroup;
			children = (
				BED7ED0715A6B95400367100 /* f5framework */,
				BEA26745149E8CC500DF8ADC /* Resources */,
				BEEE07E5149E82BD0010ABF6 /* f5.plist */,
				BE0E7A87149E80CF0089BB38 /* InfoPlist.strings */,
				BE0E7A6B149E80C00089BB38 /* f5template-Info.plist */,
				BE0E7A6C149E80C00089BB38 /* f5template-Prefix.pch */,
				BE0E7A6D149E80C00089BB38 /* main.m */,
				BE0E7A6E149E80C00089BB38 /* PhoneGap.plist */,
				BE29F5E114686984009B0CB6 /* Frameworks */,
				BE29F5DF14686984009B0CB6 /* Products */,
			);
			sourceTree = "<group>";
		};
		BE29F5DF14686984009B0CB6 /* Products */ = {
			isa = PBXGroup;
			children = (
				BE29F5DE14686984009B0CB6 /* f5template.app */,
			);
			name = Products;
			sourceTree = "<group>";
		};
		BE29F5E114686984009B0CB6 /* Frameworks */ = {
			isa = PBXGroup;
			children = (
				BE9A4B6E147C70E6004FF748 /* MapKit.framework */,
				BE29F5E214686984009B0CB6 /* Foundation.framework */,
				BE29F5E414686984009B0CB6 /* UIKit.framework */,
				BE29F5F014686984009B0CB6 /* CoreLocation.framework */,
				BE29F5F414686984009B0CB6 /* QuartzCore.framework */,
				BEA2676F149E96FD00DF8ADC /* SystemConfiguration.framework */,
				BEA26771149E972D00DF8ADC /* CoreGraphics.framework */,
			);
			name = Frameworks;
			sourceTree = "<group>";
		};
		BEA26745149E8CC500DF8ADC /* Resources */ = {
			isa = PBXGroup;
			children = (
				BEA26747149E8CC500DF8ADC /* Localizable.strings */,
				BEA2674A149E8CC500DF8ADC /* icons */,
				BEA2674F149E8CC500DF8ADC /* splash */,
			);
			path = Resources;
			sourceTree = "<group>";
		};
		BEA2674A149E8CC500DF8ADC /* icons */ = {
			isa = PBXGroup;
			children = (
				BEA2674B149E8CC500DF8ADC /* icon-72.png */,
				BEA2674C149E8CC500DF8ADC /* icon.png */,
				BEA2674D149E8CC500DF8ADC /* icon@2x.png */,
			);
			path = icons;
			sourceTree = "<group>";
		};
		BEA2674F149E8CC500DF8ADC /* splash */ = {
			isa = PBXGroup;
			children = (
				BEA26750149E8CC500DF8ADC /* Default.png */,
				BEA26751149E8CC500DF8ADC /* Default@2x.png */,
			);
			path = splash;
			sourceTree = "<group>";
		};
		BED7ED0715A6B95400367100 /* f5framework */ = {
			isa = PBXGroup;
			children = (
				BED7ED0815A6B95400367100 /* 3p */,
				BED7ED2C15A6B95400367100 /* AppDelegate.h */,
				BED7ED2D15A6B95400367100 /* AppDelegate.m */,
				BED7ED2E15A6B95400367100 /* Debug.h */,
				BED7ED2F15A6B95400367100 /* Debug.m */,
				BED7ED3015A6B95400367100 /* F5Application.h */,
				BED7ED3115A6B95400367100 /* F5Application.m */,
				BED7ED3215A6B95400367100 /* pgplugins */,
				BED7ED5215A6B95400367100 /* phonegaplib */,
			);
			path = f5framework;
			sourceTree = FLOW5;
		};
		BED7ED0815A6B95400367100 /* 3p */ = {
			isa = PBXGroup;
			children = (
				BED7ED0915A6B95400367100 /* AsyncUdpSocket.h */,
				BED7ED0A15A6B95400367100 /* AsyncUdpSocket.m */,
				BED7ED0B15A6B95400367100 /* fb */,
				BED7ED1615A6B95400367100 /* flurry */,
				BED7ED1915A6B95400367100 /* QSUtilities */,
				BED7ED2615A6B95400367100 /* UIDevice-with-UniqueIdentifier-for-iOS-5 */,
			);
			path = 3p;
			sourceTree = "<group>";
		};
		BED7ED0B15A6B95400367100 /* fb */ = {
			isa = PBXGroup;
			children = (
				BED7ED0C15A6B95400367100 /* Facebook.h */,
				BED7ED0D15A6B95400367100 /* Facebook.m */,
				BED7ED0E15A6B95400367100 /* FBConnect.h */,
				BED7ED0F15A6B95400367100 /* FBDialog.bundle */,
				BED7ED1015A6B95400367100 /* FBDialog.h */,
				BED7ED1115A6B95400367100 /* FBDialog.m */,
				BED7ED1215A6B95400367100 /* FBLoginDialog.h */,
				BED7ED1315A6B95400367100 /* FBLoginDialog.m */,
				BED7ED1415A6B95400367100 /* FBRequest.h */,
				BED7ED1515A6B95400367100 /* FBRequest.m */,
			);
			path = fb;
			sourceTree = "<group>";
		};
		BED7ED1615A6B95400367100 /* flurry */ = {
			isa = PBXGroup;
			children = (
				BED7ED1715A6B95400367100 /* FlurryAnalytics.h */,
				BED7ED1815A6B95400367100 /* libFlurryAnalytics.a */,
			);
			path = flurry;
			sourceTree = "<group>";
		};
		BED7ED1915A6B95400367100 /* QSUtilities */ = {
			isa = PBXGroup;
			children = (
				BED7ED1A15A6B95400367100 /* GTM */,
				BED7ED1E15A6B95400367100 /* LICENSE.txt */,
				BED7ED1F15A6B95400367100 /* QSFileManager.h */,
				BED7ED2015A6B95400367100 /* QSFileManager.m */,
				BED7ED2115A6B95400367100 /* QSHttpClient.h */,
				BED7ED2215A6B95400367100 /* QSHttpClient.m */,
				BED7ED2315A6B95400367100 /* QSStrings.h */,
				BED7ED2415A6B95400367100 /* QSStrings.m */,
				BED7ED2515A6B95400367100 /* QSUtilities.h */,
			);
			path = QSUtilities;
			sourceTree = "<group>";
		};
		BED7ED1A15A6B95400367100 /* GTM */ = {
			isa = PBXGroup;
			children = (
				BED7ED1B15A6B95400367100 /* GTMDefines.h */,
				BED7ED1C15A6B95400367100 /* GTMNSString+HTML.h */,
				BED7ED1D15A6B95400367100 /* GTMNSString+HTML.m */,
			);
			path = GTM;
			sourceTree = "<group>";
		};
		BED7ED2615A6B95400367100 /* UIDevice-with-UniqueIdentifier-for-iOS-5 */ = {
			isa = PBXGroup;
			children = (
				BED7ED2715A6B95400367100 /* license */,
				BED7ED2815A6B95400367100 /* NSString+MD5Addition.h */,
				BED7ED2915A6B95400367100 /* NSString+MD5Addition.m */,
				BED7ED2A15A6B95400367100 /* UIDevice+IdentifierAddition.h */,
				BED7ED2B15A6B95400367100 /* UIDevice+IdentifierAddition.m */,
			);
			path = "UIDevice-with-UniqueIdentifier-for-iOS-5";
			sourceTree = "<group>";
		};
		BED7ED3215A6B95400367100 /* pgplugins */ = {
			isa = PBXGroup;
			children = (
				BED7ED3315A6B95400367100 /* Debug */,
				BED7ED3615A6B95400367100 /* F5Activity.h */,
				BED7ED3715A6B95400367100 /* F5Activity.m */,
				BED7ED3815A6B95400367100 /* F5Alert.h */,
				BED7ED3915A6B95400367100 /* F5Alert.m */,
				BED7ED3A15A6B95400367100 /* F5Analytics.h */,
				BED7ED3B15A6B95400367100 /* F5Analytics.m */,
				BED7ED3C15A6B95400367100 /* F5CommandQueue.h */,
				BED7ED3D15A6B95400367100 /* F5CommandQueue.m */,
				BED7ED3E15A6B95400367100 /* F5FacebookConnect.h */,
				BED7ED3F15A6B95400367100 /* F5FacebookConnect.m */,
				BED7ED4015A6B95400367100 /* F5LocationReminder.h */,
				BED7ED4115A6B95400367100 /* F5LocationReminder.m */,
				BED7ED4215A6B95400367100 /* F5MapView.h */,
				BED7ED4315A6B95400367100 /* F5MapView.m */,
				BED7ED4415A6B95400367100 /* F5MaskRegion.h */,
				BED7ED4515A6B95400367100 /* F5MaskRegion.m */,
				BED7ED4615A6B95400367100 /* F5NavigationBar.h */,
				BED7ED4715A6B95400367100 /* F5NavigationBar.m */,
				BED7ED4815A6B95400367100 /* F5NetworkActivity.h */,
				BED7ED4915A6B95400367100 /* F5NetworkActivity.m */,
				BED7ED4A15A6B95400367100 /* F5PhoneCall.h */,
				BED7ED4B15A6B95400367100 /* F5PhoneCall.m */,
				BED7ED4C15A6B95400367100 /* F5udp.h */,
				BED7ED4D15A6B95400367100 /* F5udp.m */,
				BED7ED4E15A6B95400367100 /* F5URLRequestRewriter.h */,
				BED7ED4F15A6B95400367100 /* F5URLRequestRewriter.m */,
				BED7ED5015A6B95400367100 /* F5WebView.h */,
				BED7ED5115A6B95400367100 /* F5WebView.m */,
			);
			path = pgplugins;
			sourceTree = "<group>";
		};
		BED7ED3315A6B95400367100 /* Debug */ = {
			isa = PBXGroup;
			children = (
				BED7ED3415A6B95400367100 /* F5Sleep.h */,
				BED7ED3515A6B95400367100 /* F5Sleep.m */,
			);
			path = Debug;
			sourceTree = "<group>";
		};
		BED7ED5215A6B95400367100 /* phonegaplib */ = {
			isa = PBXGroup;
			children = (
				BED7ED5315A6B95400367100 /* Connection.h */,
				BED7ED5415A6B95400367100 /* Connection.m */,
				BED7ED5515A6B95400367100 /* DebugConsole.h */,
				BED7ED5615A6B95400367100 /* DebugConsole.m */,
				BED7ED5715A6B95400367100 /* InvokedUrlCommand.h */,
				BED7ED5815A6B95400367100 /* InvokedUrlCommand.m */,
				BED7ED5915A6B95400367100 /* JSON */,
				BED7ED6715A6B95400367100 /* Location.h */,
				BED7ED6815A6B95400367100 /* Location.m */,
				BED7ED6915A6B95400367100 /* NSMutableArray+QueueAdditions.h */,
				BED7ED6A15A6B95400367100 /* NSMutableArray+QueueAdditions.m */,
				BED7ED6B15A6B95400367100 /* PGDebug.h */,
				BED7ED6C15A6B95400367100 /* PGPlugin.h */,
				BED7ED6D15A6B95400367100 /* PGPlugin.m */,
				BED7ED6E15A6B95400367100 /* PGSplashScreen.h */,
				BED7ED6F15A6B95400367100 /* PGSplashScreen.m */,
				BED7ED7015A6B95400367100 /* PGURLProtocol.h */,
				BED7ED7115A6B95400367100 /* PGURLProtocol.m */,
				BED7ED7215A6B95400367100 /* PGWhitelist.h */,
				BED7ED7315A6B95400367100 /* PGWhitelist.m */,
				BED7ED7415A6B95400367100 /* PhoneGapDelegate.h */,
				BED7ED7515A6B95400367100 /* PhoneGapDelegate.m */,
				BED7ED7615A6B95400367100 /* PhoneGapViewController.h */,
				BED7ED7715A6B95400367100 /* PhoneGapViewController.m */,
				BED7ED7815A6B95400367100 /* PluginResult.h */,
				BED7ED7915A6B95400367100 /* PluginResult.m */,
				BED7ED7A15A6B95400367100 /* Reachability.h */,
				BED7ED7B15A6B95400367100 /* Reachability.m */,
			);
			path = phonegaplib;
			sourceTree = "<group>";
		};
		BED7ED5915A6B95400367100 /* JSON */ = {
			isa = PBXGroup;
			children = (
				BED7ED5A15A6B95400367100 /* JSON.h */,
				BED7ED5B15A6B95400367100 /* NSObject+SBJSON.h */,
				BED7ED5C15A6B95400367100 /* NSObject+SBJSON.m */,
				BED7ED5D15A6B95400367100 /* NSString+SBJSON.h */,
				BED7ED5E15A6B95400367100 /* NSString+SBJSON.m */,
				BED7ED5F15A6B95400367100 /* SBJSON.h */,
				BED7ED6015A6B95400367100 /* SBJSON.m */,
				BED7ED6115A6B95400367100 /* SBJsonBase.h */,
				BED7ED6215A6B95400367100 /* SBJsonBase.m */,
				BED7ED6315A6B95400367100 /* SBJsonParser.h */,
				BED7ED6415A6B95400367100 /* SBJsonParser.m */,
				BED7ED6515A6B95400367100 /* SBJsonWriter.h */,
				BED7ED6615A6B95400367100 /* SBJsonWriter.m */,
			);
			path = JSON;
			sourceTree = "<group>";
		};
/* End PBXGroup section */

/* Begin PBXNativeTarget section */
		BE29F5DD14686984009B0CB6 /* f5template */ = {
			isa = PBXNativeTarget;
			buildConfigurationList = BE29F62814686984009B0CB6 /* Build configuration list for PBXNativeTarget "f5template" */;
			buildPhases = (
				BEED4CC5148DE6D5002F374F /* f5configure */,
				BE29F5D714686984009B0CB6 /* Sources */,
				BE29F5D814686984009B0CB6 /* Frameworks */,
				BE29F5D914686984009B0CB6 /* Resources */,
				BE29F638146869BF009B0CB6 /* f5build */,
				BE29F5DA14686984009B0CB6 /* Sources */,
				BE29F5DB14686984009B0CB6 /* Frameworks */,
			);
			buildRules = (
			);
			dependencies = (
			);
			name = f5template;
			productName = ios;
			productReference = BE29F5DE14686984009B0CB6 /* f5template.app */;
			productType = "com.apple.product-type.application";
		};
/* End PBXNativeTarget section */

/* Begin PBXProject section */
		BE29F5D214686984009B0CB6 /* Project object */ = {
			isa = PBXProject;
			attributes = {
				LastUpgradeCheck = 0420;
			};
			buildConfigurationList = BE29F5D514686984009B0CB6 /* Build configuration list for PBXProject "f5template" */;
			compatibilityVersion = "Xcode 3.2";
			developmentRegion = English;
			hasScannedForEncodings = 0;
			knownRegions = (
				en,
				es,
			);
			mainGroup = BE29F5D014686984009B0CB6;
			productRefGroup = BE29F5DF14686984009B0CB6 /* Products */;
			projectDirPath = "";
			projectRoot = "";
			targets = (
				BE29F5DD14686984009B0CB6 /* f5template */,
			);
		};
/* End PBXProject section */

/* Begin PBXResourcesBuildPhase section */
		BE29F5D914686984009B0CB6 /* Resources */ = {
			isa = PBXResourcesBuildPhase;
			buildActionMask = 2147483647;
			files = (
				BE0E7A85149E80C00089BB38 /* PhoneGap.plist in Resources */,
				BE0E7A89149E80CF0089BB38 /* InfoPlist.strings in Resources */,
				BEEE07E6149E82BD0010ABF6 /* f5.plist in Resources */,
				BEA26753149E8CC500DF8ADC /* Localizable.strings in Resources */,
				BEA26754149E8CC500DF8ADC /* icon-72.png in Resources */,
				BEA26755149E8CC500DF8ADC /* icon.png in Resources */,
				BEA26756149E8CC500DF8ADC /* icon@2x.png in Resources */,
				BEA26758149E8CC500DF8ADC /* Default.png in Resources */,
				BEA26759149E8CC500DF8ADC /* Default@2x.png in Resources */,
				BED7ED7E15A6B95400367100 /* FBDialog.bundle in Resources */,
				BED7ED8415A6B95400367100 /* LICENSE.txt in Resources */,
				BED7ED8815A6B95400367100 /* license in Resources */,
			);
			runOnlyForDeploymentPostprocessing = 0;
		};
/* End PBXResourcesBuildPhase section */

/* Begin PBXShellScriptBuildPhase section */
		BE29F638146869BF009B0CB6 /* f5build */ = {
			isa = PBXShellScriptBuildPhase;
			buildActionMask = 2147483647;
			files = (
			);
			inputPaths = (
			);
			name = f5build;
			outputPaths = (
			);
			runOnlyForDeploymentPostprocessing = 0;
			shellPath = /bin/sh;
			shellScript = "sh ${FLOW5}/f5tools/f5build.sh";
		};
		BEED4CC5148DE6D5002F374F /* f5configure */ = {
			isa = PBXShellScriptBuildPhase;
			buildActionMask = 2147483647;
			files = (
			);
			inputPaths = (
			);
			name = f5configure;
			outputPaths = (
			);
			runOnlyForDeploymentPostprocessing = 0;
			shellPath = /bin/sh;
			shellScript = "sh ${FLOW5}/f5tools/f5configure.sh";
		};
/* End PBXShellScriptBuildPhase section */

/* Begin PBXSourcesBuildPhase section */
		BE29F5D714686984009B0CB6 /* Sources */ = {
			isa = PBXSourcesBuildPhase;
			buildActionMask = 2147483647;
			files = (
				BE0E7A84149E80C00089BB38 /* main.m in Sources */,
				BED7ED7C15A6B95400367100 /* AsyncUdpSocket.m in Sources */,
				BED7ED7D15A6B95400367100 /* Facebook.m in Sources */,
				BED7ED7F15A6B95400367100 /* FBDialog.m in Sources */,
				BED7ED8015A6B95400367100 /* FBLoginDialog.m in Sources */,
				BED7ED8115A6B95400367100 /* FBRequest.m in Sources */,
				BED7ED8315A6B95400367100 /* GTMNSString+HTML.m in Sources */,
				BED7ED8515A6B95400367100 /* QSFileManager.m in Sources */,
				BED7ED8615A6B95400367100 /* QSHttpClient.m in Sources */,
				BED7ED8715A6B95400367100 /* QSStrings.m in Sources */,
				BED7ED8915A6B95400367100 /* NSString+MD5Addition.m in Sources */,
				BED7ED8A15A6B95400367100 /* UIDevice+IdentifierAddition.m in Sources */,
				BED7ED8B15A6B95400367100 /* AppDelegate.m in Sources */,
				BED7ED8C15A6B95400367100 /* Debug.m in Sources */,
				BED7ED8D15A6B95400367100 /* F5Application.m in Sources */,
				BED7ED8E15A6B95400367100 /* F5Sleep.m in Sources */,
				BED7ED8F15A6B95400367100 /* F5Activity.m in Sources */,
				BED7ED9015A6B95400367100 /* F5Alert.m in Sources */,
				BED7ED9115A6B95400367100 /* F5Analytics.m in Sources */,
				BED7ED9215A6B95400367100 /* F5CommandQueue.m in Sources */,
				BED7ED9315A6B95400367100 /* F5FacebookConnect.m in Sources */,
				BED7ED9415A6B95400367100 /* F5LocationReminder.m in Sources */,
				BED7ED9515A6B95400367100 /* F5MapView.m in Sources */,
				BED7ED9615A6B95400367100 /* F5MaskRegion.m in Sources */,
				BED7ED9715A6B95400367100 /* F5NavigationBar.m in Sources */,
				BED7ED9815A6B95400367100 /* F5NetworkActivity.m in Sources */,
				BED7ED9915A6B95400367100 /* F5PhoneCall.m in Sources */,
				BED7ED9A15A6B95400367100 /* F5udp.m in Sources */,
				BED7ED9B15A6B95400367100 /* F5URLRequestRewriter.m in Sources */,
				BED7ED9C15A6B95400367100 /* F5WebView.m in Sources */,
				BED7ED9D15A6B95400367100 /* Connection.m in Sources */,
				BED7ED9E15A6B95400367100 /* DebugConsole.m in Sources */,
				BED7ED9F15A6B95400367100 /* InvokedUrlCommand.m in Sources */,
				BED7EDA015A6B95400367100 /* NSObject+SBJSON.m in Sources */,
				BED7EDA115A6B95400367100 /* NSString+SBJSON.m in Sources */,
				BED7EDA215A6B95400367100 /* SBJSON.m in Sources */,
				BED7EDA315A6B95400367100 /* SBJsonBase.m in Sources */,
				BED7EDA415A6B95400367100 /* SBJsonParser.m in Sources */,
				BED7EDA515A6B95400367100 /* SBJsonWriter.m in Sources */,
				BED7EDA615A6B95400367100 /* Location.m in Sources */,
				BED7EDA715A6B95400367100 /* NSMutableArray+QueueAdditions.m in Sources */,
				BED7EDA815A6B95400367100 /* PGPlugin.m in Sources */,
				BED7EDA915A6B95400367100 /* PGSplashScreen.m in Sources */,
				BED7EDAA15A6B95400367100 /* PGURLProtocol.m in Sources */,
				BED7EDAB15A6B95400367100 /* PGWhitelist.m in Sources */,
				BED7EDAC15A6B95400367100 /* PhoneGapDelegate.m in Sources */,
				BED7EDAD15A6B95400367100 /* PhoneGapViewController.m in Sources */,
				BED7EDAE15A6B95400367100 /* PluginResult.m in Sources */,
				BED7EDAF15A6B95400367100 /* Reachability.m in Sources */,
			);
			runOnlyForDeploymentPostprocessing = 0;
		};
		BE29F5DA14686984009B0CB6 /* Sources */ = {
			isa = PBXSourcesBuildPhase;
			buildActionMask = 2147483647;
			files = (
			);
			runOnlyForDeploymentPostprocessing = 0;
		};
/* End PBXSourcesBuildPhase section */

/* Begin PBXVariantGroup section */
		BE0E7A87149E80CF0089BB38 /* InfoPlist.strings */ = {
			isa = PBXVariantGroup;
			children = (
				BE0E7A88149E80CF0089BB38 /* en */,
			);
			name = InfoPlist.strings;
			sourceTree = "<group>";
		};
		BEA26747149E8CC500DF8ADC /* Localizable.strings */ = {
			isa = PBXVariantGroup;
			children = (
				BEA26748149E8CC500DF8ADC /* en */,
				BEA26749149E8CC500DF8ADC /* es */,
			);
			name = Localizable.strings;
			sourceTree = "<group>";
		};
/* End PBXVariantGroup section */

/* Begin XCBuildConfiguration section */
		BE29F62614686984009B0CB6 /* Debug */ = {
			isa = XCBuildConfiguration;
			buildSettings = {
				ALWAYS_SEARCH_USER_PATHS = NO;
				ARCHS = "$(ARCHS_STANDARD_32_BIT)";
				CODE_SIGN_IDENTITY = "iPhone Developer";
				"CODE_SIGN_IDENTITY[sdk=iphoneos*]" = "iPhone Developer";
				COPY_PHASE_STRIP = NO;
				GCC_C_LANGUAGE_STANDARD = gnu99;
				GCC_DYNAMIC_NO_PIC = NO;
				GCC_OPTIMIZATION_LEVEL = 0;
				GCC_PREPROCESSOR_DEFINITIONS = (
					"DEBUG=1",
					"$(inherited)",
				);
				GCC_SYMBOLS_PRIVATE_EXTERN = NO;
				GCC_VERSION = com.apple.compilers.llvmgcc42;
				GCC_WARN_ABOUT_MISSING_PROTOTYPES = YES;
				GCC_WARN_ABOUT_RETURN_TYPE = YES;
				GCC_WARN_UNUSED_VARIABLE = YES;
				IPHONEOS_DEPLOYMENT_TARGET = 4.2;
				PROVISIONING_PROFILE = "";
				"PROVISIONING_PROFILE[sdk=iphoneos*]" = "";
				SDKROOT = iphoneos;
			};
			name = Debug;
		};
		BE29F62714686984009B0CB6 /* Release */ = {
			isa = XCBuildConfiguration;
			buildSettings = {
				ALWAYS_SEARCH_USER_PATHS = NO;
				ARCHS = "$(ARCHS_STANDARD_32_BIT)";
				CODE_SIGN_IDENTITY = "iPhone Distribution";
				"CODE_SIGN_IDENTITY[sdk=iphoneos*]" = "iPhone Distribution";
				COPY_PHASE_STRIP = YES;
				GCC_C_LANGUAGE_STANDARD = gnu99;
				GCC_VERSION = com.apple.compilers.llvmgcc42;
				GCC_WARN_ABOUT_MISSING_PROTOTYPES = YES;
				GCC_WARN_ABOUT_RETURN_TYPE = YES;
				GCC_WARN_UNUSED_VARIABLE = YES;
				IPHONEOS_DEPLOYMENT_TARGET = 4.2;
				PROVISIONING_PROFILE = "";
				"PROVISIONING_PROFILE[sdk=iphoneos*]" = "";
				SDKROOT = iphoneos;
				VALIDATE_PRODUCT = YES;
			};
			name = Release;
		};
		BE29F62914686984009B0CB6 /* Debug */ = {
			isa = XCBuildConfiguration;
			buildSettings = {
				ALWAYS_SEARCH_USER_PATHS = YES;
				ARCHS = (
					armv6,
					"$(ARCHS_STANDARD_32_BIT)",
				);
				CODE_SIGN_IDENTITY = "iPhone Developer";
				COPY_PHASE_STRIP = NO;
				EXCLUDED_SOURCE_FILE_NAMES = "";
				FRAMEWORK_SEARCH_PATHS = "";
				GCC_DYNAMIC_NO_PIC = NO;
				GCC_PRECOMPILE_PREFIX_HEADER = YES;
				GCC_PREFIX_HEADER = "f5template-Prefix.pch";
				GCC_PREPROCESSOR_DEFINITIONS = "DEBUG=1";
				GCC_TREAT_WARNINGS_AS_ERRORS = YES;
				GCC_VERSION = com.apple.compilers.llvm.clang.1_0;
				INFOPLIST_FILE = "f5template-Info.plist";
				IPHONEOS_DEPLOYMENT_TARGET = 4.2;
				LIBRARY_SEARCH_PATHS = (
					"$(inherited)",
					"\"$(SRCROOT)/../f5framework/3p/flurry\"",
					/opt/local/lib/node_modules/flow5/ios/f5framework/3p/flurry,
				);
				OTHER_LDFLAGS = (
					"-weak_framework",
					UIKit,
					"-weak_framework",
					AVFoundation,
					"-weak_framework",
					CoreMedia,
					"-weak_library",
					/usr/lib/libSystem.B.dylib,
				);
				PRODUCT_NAME = f5template;
				PROVISIONING_PROFILE = "";
				TARGETED_DEVICE_FAMILY = "1,2";
				WRAPPER_EXTENSION = app;
			};
			name = Debug;
		};
		BE29F62A14686984009B0CB6 /* Release */ = {
			isa = XCBuildConfiguration;
			buildSettings = {
				ALWAYS_SEARCH_USER_PATHS = YES;
				ARCHS = (
					armv6,
					"$(ARCHS_STANDARD_32_BIT)",
				);
				CODE_SIGN_IDENTITY = "iPhone Distribution: Paul Greyson";
				COPY_PHASE_STRIP = YES;
				DEBUG_INFORMATION_FORMAT = "dwarf-with-dsym";
				EXCLUDED_SOURCE_FILE_NAMES = Debug.m;
				FRAMEWORK_SEARCH_PATHS = "";
				GCC_PRECOMPILE_PREFIX_HEADER = YES;
				GCC_PREFIX_HEADER = "f5template-Prefix.pch";
				GCC_PREPROCESSOR_DEFINITIONS = "";
				GCC_TREAT_WARNINGS_AS_ERRORS = YES;
				GCC_VERSION = com.apple.compilers.llvm.clang.1_0;
				INFOPLIST_FILE = "f5template-Info.plist";
				IPHONEOS_DEPLOYMENT_TARGET = 4.2;
				LIBRARY_SEARCH_PATHS = (
					"$(inherited)",
					"\"$(SRCROOT)/../f5framework/3p/flurry\"",
					/opt/local/lib/node_modules/flow5/ios/f5framework/3p/flurry,
				);
				OTHER_LDFLAGS = (
					"-weak_framework",
					UIKit,
					"-weak_framework",
					AVFoundation,
					"-weak_framework",
					CoreMedia,
					"-weak_library",
					/usr/lib/libSystem.B.dylib,
				);
				PRODUCT_NAME = f5template;
				PROVISIONING_PROFILE = "2F55F09B-9312-4D2A-9A96-AD7CEAFCD445";
				TARGETED_DEVICE_FAMILY = "1,2";
				VALIDATE_PRODUCT = YES;
				WRAPPER_EXTENSION = app;
			};
			name = Release;
		};
/* End XCBuildConfiguration section */

/* Begin XCConfigurationList section */
		BE29F5D514686984009B0CB6 /* Build configuration list for PBXProject "f5template" */ = {
			isa = XCConfigurationList;
			buildConfigurations = (
				BE29F62614686984009B0CB6 /* Debug */,
				BE29F62714686984009B0CB6 /* Release */,
			);
			defaultConfigurationIsVisible = 0;
			defaultConfigurationName = Release;
		};
		BE29F62814686984009B0CB6 /* Build configuration list for PBXNativeTarget "f5template" */ = {
			isa = XCConfigurationList;
			buildConfigurations = (
				BE29F62914686984009B0CB6 /* Debug */,
				BE29F62A14686984009B0CB6 /* Release */,
			);
			defaultConfigurationIsVisible = 0;
			defaultConfigurationName = Release;
		};
/* End XCConfigurationList section */
	};
	rootObject = BE29F5D214686984009B0CB6 /* Project object */;
}
